// !$*UTF8*$!
{
	archiveVersion = 1;
	classes = {
	};
	objectVersion = 46;
	objects = {

/* Begin PBXBuildFile section */
		1960DA9FFEE28A74FC33D5ED /* include_juce_graphics.mm */ = {isa = PBXBuildFile; fileRef = E2C861A7321BF16BBCFC75C6; };
		1BB1EA6E97659D6EBB375805 /* MetalKit.framework */ = {isa = PBXBuildFile; fileRef = FFAB2A777EB82E56A1B7538D; settings = { ATTRIBUTES = (Weak, ); }; };
		2A1A2CA88A20BA4D8993644E /* IOKit.framework */ = {isa = PBXBuildFile; fileRef = 337C9CA9790F9E746E2E135C; };
		3BB70F140CA3380E32EB3F6E /* RecentFilesMenuTemplate.nib */ = {isa = PBXBuildFile; fileRef = D193CB2E526775A8CB400617; };
		45BCCD95AE77F8992C6D3AB5 /* Main.cpp */ = {isa = PBXBuildFile; fileRef = 6E81C82CC4D2285DBE2BCD60; };
		481E877A14083D43B69C5D13 /* include_juce_audio_devices.mm */ = {isa = PBXBuildFile; fileRef = 673533210504051FF8B633FA; };
		49421A30B2359FF7779FB7E0 /* ShowMidiApplication.cpp */ = {isa = PBXBuildFile; fileRef = 86CF96D270B03570A8C2022C; };
		4F2209B4AE130D3A469FD04B /* App */ = {isa = PBXBuildFile; fileRef = A98B4AD9E2F455CD90C21BD1; };
		509FC379EC3B073358255DED /* include_juce_data_structures.mm */ = {isa = PBXBuildFile; fileRef = 484A148DA1043246EFE557A5; };
		5CB7A96C988C86C6103E94E8 /* MainWindow.cpp */ = {isa = PBXBuildFile; fileRef = 24F53A144B41E225E581AC30; };
		6A1603A9228001ED6CF33C50 /* Foundation.framework */ = {isa = PBXBuildFile; fileRef = 9CDEA7729BC91C466043482E; };
		7888AD475054665A62C17D8E /* QuartzCore.framework */ = {isa = PBXBuildFile; fileRef = 8D6B845AA222F1752B5643B8; };
		795DF1290045571CA9BD1B8B /* Security.framework */ = {isa = PBXBuildFile; fileRef = 0B8323F7E4198BD4B5918FED; };
		7C8CFE9EFF0E9BB69502050F /* Accelerate.framework */ = {isa = PBXBuildFile; fileRef = FE0276F6E497EEBB0BDDBD11; };
		8353FBE9F2E8513D444EDED9 /* Metal.framework */ = {isa = PBXBuildFile; fileRef = BBB49FC958B4867F58A15AA0; settings = { ATTRIBUTES = (Weak, ); }; };
		8994F68607F392324DE07CF4 /* Icon.icns */ = {isa = PBXBuildFile; fileRef = D852A0E3060F6EBD45FECBD7; };
		92971F0B7B6E55391CBCB916 /* UwynLookAndFeel.cpp */ = {isa = PBXBuildFile; fileRef = 1B73EC5585A298A5AAAC0F6D; };
		95558AAB68CC278FBB5579B8 /* CoreAudio.framework */ = {isa = PBXBuildFile; fileRef = E0F85BF5DCAEE4E4733BF090; };
		98848D884D36F0D2385B6DD3 /* MainComponent.cpp */ = {isa = PBXBuildFile; fileRef = 82993805BFC516663A2BD6D4; };
		99397B295FEF78B3C1124178 /* MidiDeviceComponent.cpp */ = {isa = PBXBuildFile; fileRef = 561E4CF341E1D292E71341F4; };
		9DB592299F0AC45A5533C870 /* include_juce_events.mm */ = {isa = PBXBuildFile; fileRef = FEB53F4C66A4F5521A834344; };
		A4716C34546D46D19910CF82 /* CoreMIDI.framework */ = {isa = PBXBuildFile; fileRef = 970318893FA0822BC7B8DD63; };
		AF5710256862611AA61E4C69 /* include_juce_core.mm */ = {isa = PBXBuildFile; fileRef = CEDBD68C5ADCD6B07B2C0D78; };
		CC27A05F54753B5DA6E818FB /* AudioToolbox.framework */ = {isa = PBXBuildFile; fileRef = 6D7B34F9E07CA24EA6709DEF; };
		D585EEC304FE343CBF6A1F80 /* include_juce_audio_basics.mm */ = {isa = PBXBuildFile; fileRef = E68B93F0AD305B463FF0BD53; };
		E6B0FF0636B24A4333D1AAAB /* BinaryData.cpp */ = {isa = PBXBuildFile; fileRef = 4C4165C062FC4ACF6E38AD8C; };
		F24F112CD6E69FA63B2A605E /* include_juce_gui_basics.mm */ = {isa = PBXBuildFile; fileRef = 2E01FFDFE97F95B69749549E; };
		F2A408AEF560FDAF63A7E200 /* Cocoa.framework */ = {isa = PBXBuildFile; fileRef = D157948E76F5FE06D27F5A85; };
/* End PBXBuildFile section */

/* Begin PBXFileReference section */
		05256A24136723150EC98F8C /* juce_audio_devices */ /* juce_audio_devices */ = {isa = PBXFileReference; lastKnownFileType = folder; name = juce_audio_devices; path = ../../JuceLibraryCode/modules/juce_audio_devices; sourceTree = SOURCE_ROOT; };
		0646FAC9FAAF024228832EE8 /* ShowMidiApplication.h */ /* ShowMidiApplication.h */ = {isa = PBXFileReference; lastKnownFileType = sourcecode.c.h; name = ShowMidiApplication.h; path = ../../Source/ShowMidiApplication.h; sourceTree = SOURCE_ROOT; };
		0B8323F7E4198BD4B5918FED /* Security.framework */ /* Security.framework */ = {isa = PBXFileReference; lastKnownFileType = wrapper.framework; name = Security.framework; path = System/Library/Frameworks/Security.framework; sourceTree = SDKROOT; };
		1446B07B830DB31107DFD628 /* MainComponent.h */ /* MainComponent.h */ = {isa = PBXFileReference; lastKnownFileType = sourcecode.c.h; name = MainComponent.h; path = ../../Source/MainComponent.h; sourceTree = SOURCE_ROOT; };
		1B73EC5585A298A5AAAC0F6D /* UwynLookAndFeel.cpp */ /* UwynLookAndFeel.cpp */ = {isa = PBXFileReference; lastKnownFileType = sourcecode.cpp.cpp; name = UwynLookAndFeel.cpp; path = ../../Source/UwynLookAndFeel.cpp; sourceTree = SOURCE_ROOT; };
		1E1223F40D0D0A7F7848002B /* UwynLookAndFeel.h */ /* UwynLookAndFeel.h */ = {isa = PBXFileReference; lastKnownFileType = sourcecode.c.h; name = UwynLookAndFeel.h; path = ../../Source/UwynLookAndFeel.h; sourceTree = SOURCE_ROOT; };
		23F45308A135BB1E2D9AC411 /* ChannelState.h */ /* ChannelState.h */ = {isa = PBXFileReference; lastKnownFileType = sourcecode.c.h; name = ChannelState.h; path = ../../Source/ChannelState.h; sourceTree = SOURCE_ROOT; };
		24F53A144B41E225E581AC30 /* MainWindow.cpp */ /* MainWindow.cpp */ = {isa = PBXFileReference; lastKnownFileType = sourcecode.cpp.cpp; name = MainWindow.cpp; path = ../../Source/MainWindow.cpp; sourceTree = SOURCE_ROOT; };
		2E01FFDFE97F95B69749549E /* include_juce_gui_basics.mm */ /* include_juce_gui_basics.mm */ = {isa = PBXFileReference; lastKnownFileType = sourcecode.cpp.objcpp; name = include_juce_gui_basics.mm; path = ../../JuceLibraryCode/include_juce_gui_basics.mm; sourceTree = SOURCE_ROOT; };
		2F7CC650AE7914DA01BE52F3 /* BinaryData.h */ /* BinaryData.h */ = {isa = PBXFileReference; lastKnownFileType = sourcecode.c.h; name = BinaryData.h; path = ../../JuceLibraryCode/BinaryData.h; sourceTree = SOURCE_ROOT; };
		337C9CA9790F9E746E2E135C /* IOKit.framework */ /* IOKit.framework */ = {isa = PBXFileReference; lastKnownFileType = wrapper.framework; name = IOKit.framework; path = System/Library/Frameworks/IOKit.framework; sourceTree = SDKROOT; };
		3C848AD1A24A20C7711B21E1 /* MidiDeviceComponent.h */ /* MidiDeviceComponent.h */ = {isa = PBXFileReference; lastKnownFileType = sourcecode.c.h; name = MidiDeviceComponent.h; path = ../../Source/MidiDeviceComponent.h; sourceTree = SOURCE_ROOT; };
		3E8AF6342FDFA3FF5C3EC866 /* AppConfig.h */ /* AppConfig.h */ = {isa = PBXFileReference; lastKnownFileType = sourcecode.c.h; name = AppConfig.h; path = ../../JuceLibraryCode/AppConfig.h; sourceTree = SOURCE_ROOT; };
		484A148DA1043246EFE557A5 /* include_juce_data_structures.mm */ /* include_juce_data_structures.mm */ = {isa = PBXFileReference; lastKnownFileType = sourcecode.cpp.objcpp; name = include_juce_data_structures.mm; path = ../../JuceLibraryCode/include_juce_data_structures.mm; sourceTree = SOURCE_ROOT; };
		4C4165C062FC4ACF6E38AD8C /* BinaryData.cpp */ /* BinaryData.cpp */ = {isa = PBXFileReference; lastKnownFileType = sourcecode.cpp.cpp; name = BinaryData.cpp; path = ../../JuceLibraryCode/BinaryData.cpp; sourceTree = SOURCE_ROOT; };
		561E4CF341E1D292E71341F4 /* MidiDeviceComponent.cpp */ /* MidiDeviceComponent.cpp */ = {isa = PBXFileReference; lastKnownFileType = sourcecode.cpp.cpp; name = MidiDeviceComponent.cpp; path = ../../Source/MidiDeviceComponent.cpp; sourceTree = SOURCE_ROOT; };
		5F9A9CF21F959FDECFF19FA3 /* juce_graphics */ /* juce_graphics */ = {isa = PBXFileReference; lastKnownFileType = folder; name = juce_graphics; path = ../../JuceLibraryCode/modules/juce_graphics; sourceTree = SOURCE_ROOT; };
		624D9800660BEDDCBDFAAF66 /* juce_data_structures */ /* juce_data_structures */ = {isa = PBXFileReference; lastKnownFileType = folder; name = juce_data_structures; path = ../../JuceLibraryCode/modules/juce_data_structures; sourceTree = SOURCE_ROOT; };
		673533210504051FF8B633FA /* include_juce_audio_devices.mm */ /* include_juce_audio_devices.mm */ = {isa = PBXFileReference; lastKnownFileType = sourcecode.cpp.objcpp; name = include_juce_audio_devices.mm; path = ../../JuceLibraryCode/include_juce_audio_devices.mm; sourceTree = SOURCE_ROOT; };
		6D7B34F9E07CA24EA6709DEF /* AudioToolbox.framework */ /* AudioToolbox.framework */ = {isa = PBXFileReference; lastKnownFileType = wrapper.framework; name = AudioToolbox.framework; path = System/Library/Frameworks/AudioToolbox.framework; sourceTree = SDKROOT; };
		6E81C82CC4D2285DBE2BCD60 /* Main.cpp */ /* Main.cpp */ = {isa = PBXFileReference; lastKnownFileType = sourcecode.cpp.cpp; name = Main.cpp; path = ../../Source/Main.cpp; sourceTree = SOURCE_ROOT; };
		7877F5B75F4E88C09A70CFDF /* juce_events */ /* juce_events */ = {isa = PBXFileReference; lastKnownFileType = folder; name = juce_events; path = ../../JuceLibraryCode/modules/juce_events; sourceTree = SOURCE_ROOT; };
		7D7C497FC7EC08B3AFE7E5B0 /* juce_audio_basics */ /* juce_audio_basics */ = {isa = PBXFileReference; lastKnownFileType = folder; name = juce_audio_basics; path = ../../JuceLibraryCode/modules/juce_audio_basics; sourceTree = SOURCE_ROOT; };
		82993805BFC516663A2BD6D4 /* MainComponent.cpp */ /* MainComponent.cpp */ = {isa = PBXFileReference; lastKnownFileType = sourcecode.cpp.cpp; name = MainComponent.cpp; path = ../../Source/MainComponent.cpp; sourceTree = SOURCE_ROOT; };
		86CF96D270B03570A8C2022C /* ShowMidiApplication.cpp */ /* ShowMidiApplication.cpp */ = {isa = PBXFileReference; lastKnownFileType = sourcecode.cpp.cpp; name = ShowMidiApplication.cpp; path = ../../Source/ShowMidiApplication.cpp; sourceTree = SOURCE_ROOT; };
		8C8283314AD0FDAF306CC4D6 /* JuceHeader.h */ /* JuceHeader.h */ = {isa = PBXFileReference; lastKnownFileType = sourcecode.c.h; name = JuceHeader.h; path = ../../JuceLibraryCode/JuceHeader.h; sourceTree = SOURCE_ROOT; };
		8D6B845AA222F1752B5643B8 /* QuartzCore.framework */ /* QuartzCore.framework */ = {isa = PBXFileReference; lastKnownFileType = wrapper.framework; name = QuartzCore.framework; path = System/Library/Frameworks/QuartzCore.framework; sourceTree = SDKROOT; };
		939B9298AB13709E23B81B9F /* juce_core */ /* juce_core */ = {isa = PBXFileReference; lastKnownFileType = folder; name = juce_core; path = ../../JuceLibraryCode/modules/juce_core; sourceTree = SOURCE_ROOT; };
		970318893FA0822BC7B8DD63 /* CoreMIDI.framework */ /* CoreMIDI.framework */ = {isa = PBXFileReference; lastKnownFileType = wrapper.framework; name = CoreMIDI.framework; path = System/Library/Frameworks/CoreMIDI.framework; sourceTree = SDKROOT; };
		987764F8E6DC4997643C05DC /* MainWindow.h */ /* MainWindow.h */ = {isa = PBXFileReference; lastKnownFileType = sourcecode.c.h; name = MainWindow.h; path = ../../Source/MainWindow.h; sourceTree = SOURCE_ROOT; };
		9CDEA7729BC91C466043482E /* Foundation.framework */ /* Foundation.framework */ = {isa = PBXFileReference; lastKnownFileType = wrapper.framework; name = Foundation.framework; path = System/Library/Frameworks/Foundation.framework; sourceTree = SDKROOT; };
		A98B4AD9E2F455CD90C21BD1 /* App */ = {isa = PBXFileReference; explicitFileType = wrapper.application; includeInIndex = 0; path = showmidi.app; sourceTree = BUILT_PRODUCTS_DIR; };
		AFDE864475F755B0A1164F32 /* appicon.png */ /* appicon.png */ = {isa = PBXFileReference; lastKnownFileType = image.png; name = appicon.png; path = ../../Assets/appicon.png; sourceTree = SOURCE_ROOT; };
		BAB0BBCCC34BD33EF67017E6 /* Info-App.plist */ /* Info-App.plist */ = {isa = PBXFileReference; lastKnownFileType = text.plist.xml; name = "Info-App.plist"; path = "Info-App.plist"; sourceTree = SOURCE_ROOT; };
		BBB49FC958B4867F58A15AA0 /* Metal.framework */ /* Metal.framework */ = {isa = PBXFileReference; lastKnownFileType = wrapper.framework; name = Metal.framework; path = System/Library/Frameworks/Metal.framework; sourceTree = SDKROOT; };
		C24445169F391D8DD6DF7B99 /* App.entitlements */ /* App.entitlements */ = {isa = PBXFileReference; lastKnownFileType = text.plist.xml; name = App.entitlements; path = App.entitlements; sourceTree = SOURCE_ROOT; };
		CEDBD68C5ADCD6B07B2C0D78 /* include_juce_core.mm */ /* include_juce_core.mm */ = {isa = PBXFileReference; lastKnownFileType = sourcecode.cpp.objcpp; name = include_juce_core.mm; path = ../../JuceLibraryCode/include_juce_core.mm; sourceTree = SOURCE_ROOT; };
		D157948E76F5FE06D27F5A85 /* Cocoa.framework */ /* Cocoa.framework */ = {isa = PBXFileReference; lastKnownFileType = wrapper.framework; name = Cocoa.framework; path = System/Library/Frameworks/Cocoa.framework; sourceTree = SDKROOT; };
		D193CB2E526775A8CB400617 /* RecentFilesMenuTemplate.nib */ /* RecentFilesMenuTemplate.nib */ = {isa = PBXFileReference; lastKnownFileType = file.nib; name = RecentFilesMenuTemplate.nib; path = RecentFilesMenuTemplate.nib; sourceTree = SOURCE_ROOT; };
		D852A0E3060F6EBD45FECBD7 /* Icon.icns */ /* Icon.icns */ = {isa = PBXFileReference; lastKnownFileType = file.icns; name = Icon.icns; path = Icon.icns; sourceTree = SOURCE_ROOT; };
		E0F85BF5DCAEE4E4733BF090 /* CoreAudio.framework */ /* CoreAudio.framework */ = {isa = PBXFileReference; lastKnownFileType = wrapper.framework; name = CoreAudio.framework; path = System/Library/Frameworks/CoreAudio.framework; sourceTree = SDKROOT; };
		E2C861A7321BF16BBCFC75C6 /* include_juce_graphics.mm */ /* include_juce_graphics.mm */ = {isa = PBXFileReference; lastKnownFileType = sourcecode.cpp.objcpp; name = include_juce_graphics.mm; path = ../../JuceLibraryCode/include_juce_graphics.mm; sourceTree = SOURCE_ROOT; };
		E68B93F0AD305B463FF0BD53 /* include_juce_audio_basics.mm */ /* include_juce_audio_basics.mm */ = {isa = PBXFileReference; lastKnownFileType = sourcecode.cpp.objcpp; name = include_juce_audio_basics.mm; path = ../../JuceLibraryCode/include_juce_audio_basics.mm; sourceTree = SOURCE_ROOT; };
		F6C31F99F551ED709CC6221C /* juce_gui_basics */ /* juce_gui_basics */ = {isa = PBXFileReference; lastKnownFileType = folder; name = juce_gui_basics; path = ../../JuceLibraryCode/modules/juce_gui_basics; sourceTree = SOURCE_ROOT; };
		FE0276F6E497EEBB0BDDBD11 /* Accelerate.framework */ /* Accelerate.framework */ = {isa = PBXFileReference; lastKnownFileType = wrapper.framework; name = Accelerate.framework; path = System/Library/Frameworks/Accelerate.framework; sourceTree = SDKROOT; };
		FEB53F4C66A4F5521A834344 /* include_juce_events.mm */ /* include_juce_events.mm */ = {isa = PBXFileReference; lastKnownFileType = sourcecode.cpp.objcpp; name = include_juce_events.mm; path = ../../JuceLibraryCode/include_juce_events.mm; sourceTree = SOURCE_ROOT; };
		FFAB2A777EB82E56A1B7538D /* MetalKit.framework */ /* MetalKit.framework */ = {isa = PBXFileReference; lastKnownFileType = wrapper.framework; name = MetalKit.framework; path = System/Library/Frameworks/MetalKit.framework; sourceTree = SDKROOT; };
/* End PBXFileReference section */

/* Begin PBXFrameworksBuildPhase section */
		4D522C1C1EDC13E69D913A0A = {
			isa = PBXFrameworksBuildPhase;
			buildActionMask = 2147483647;
			files = (
				7C8CFE9EFF0E9BB69502050F,
				CC27A05F54753B5DA6E818FB,
				F2A408AEF560FDAF63A7E200,
				95558AAB68CC278FBB5579B8,
				A4716C34546D46D19910CF82,
				6A1603A9228001ED6CF33C50,
				2A1A2CA88A20BA4D8993644E,
				7888AD475054665A62C17D8E,
				795DF1290045571CA9BD1B8B,
				8353FBE9F2E8513D444EDED9,
				1BB1EA6E97659D6EBB375805,
			);
			runOnlyForDeploymentPostprocessing = 0;
		};
/* End PBXFrameworksBuildPhase section */

/* Begin PBXGroup section */
		0ECE9C1722DAAB3985B7ABBE /* Products */ = {
			isa = PBXGroup;
			children = (
				A98B4AD9E2F455CD90C21BD1,
			);
			name = Products;
			sourceTree = "<group>";
		};
		4989CCCED8E393EC6142F866 /* ShowMIDI */ = {
			isa = PBXGroup;
			children = (
				4AC1B8B2E39C4640497ED0DF,
				DBB17E754C26AADEDB832BEC,
			);
			name = ShowMIDI;
			sourceTree = "<group>";
		};
		4AC1B8B2E39C4640497ED0DF /* Assets */ = {
			isa = PBXGroup;
			children = (
				AFDE864475F755B0A1164F32,
			);
			name = Assets;
			sourceTree = "<group>";
		};
		67FE0DFA6597150E9DA29E59 /* JUCE Modules */ = {
			isa = PBXGroup;
			children = (
				7D7C497FC7EC08B3AFE7E5B0,
				05256A24136723150EC98F8C,
				939B9298AB13709E23B81B9F,
				624D9800660BEDDCBDFAAF66,
				7877F5B75F4E88C09A70CFDF,
				5F9A9CF21F959FDECFF19FA3,
				F6C31F99F551ED709CC6221C,
			);
			name = "JUCE Modules";
			sourceTree = "<group>";
		};
		88ED096032D24A31C8A506A8 /* Resources */ = {
			isa = PBXGroup;
			children = (
				BAB0BBCCC34BD33EF67017E6,
				D193CB2E526775A8CB400617,
				D852A0E3060F6EBD45FECBD7,
			);
			name = Resources;
			sourceTree = "<group>";
		};
		B6F23098608CB33E42781C10 /* JUCE Library Code */ = {
			isa = PBXGroup;
			children = (
				3E8AF6342FDFA3FF5C3EC866,
				4C4165C062FC4ACF6E38AD8C,
				2F7CC650AE7914DA01BE52F3,
				E68B93F0AD305B463FF0BD53,
				673533210504051FF8B633FA,
				CEDBD68C5ADCD6B07B2C0D78,
				484A148DA1043246EFE557A5,
				FEB53F4C66A4F5521A834344,
				E2C861A7321BF16BBCFC75C6,
				2E01FFDFE97F95B69749549E,
				8C8283314AD0FDAF306CC4D6,
			);
			name = "JUCE Library Code";
			sourceTree = "<group>";
		};
		C63DD6613C77A54FF9131DD1 /* Frameworks */ = {
			isa = PBXGroup;
			children = (
				FE0276F6E497EEBB0BDDBD11,
				6D7B34F9E07CA24EA6709DEF,
				D157948E76F5FE06D27F5A85,
				E0F85BF5DCAEE4E4733BF090,
				970318893FA0822BC7B8DD63,
				9CDEA7729BC91C466043482E,
				337C9CA9790F9E746E2E135C,
				8D6B845AA222F1752B5643B8,
				0B8323F7E4198BD4B5918FED,
				BBB49FC958B4867F58A15AA0,
				FFAB2A777EB82E56A1B7538D,
			);
			name = Frameworks;
			sourceTree = "<group>";
		};
		DBB17E754C26AADEDB832BEC /* Source */ = {
			isa = PBXGroup;
			children = (
				23F45308A135BB1E2D9AC411,
				6E81C82CC4D2285DBE2BCD60,
				1446B07B830DB31107DFD628,
				82993805BFC516663A2BD6D4,
				987764F8E6DC4997643C05DC,
				24F53A144B41E225E581AC30,
				3C848AD1A24A20C7711B21E1,
				561E4CF341E1D292E71341F4,
				0646FAC9FAAF024228832EE8,
				86CF96D270B03570A8C2022C,
				1E1223F40D0D0A7F7848002B,
				1B73EC5585A298A5AAAC0F6D,
			);
			name = Source;
			sourceTree = "<group>";
		};
		F0610D92377758CA9548DDEB /* Source */ = {
			isa = PBXGroup;
			children = (
				4989CCCED8E393EC6142F866,
				67FE0DFA6597150E9DA29E59,
				B6F23098608CB33E42781C10,
				88ED096032D24A31C8A506A8,
				C63DD6613C77A54FF9131DD1,
				0ECE9C1722DAAB3985B7ABBE,
			);
			name = Source;
			sourceTree = "<group>";
		};
/* End PBXGroup section */

/* Begin PBXNativeTarget section */
		BED11850BE10D6B175ACFAE0 /* ShowMIDI - App */ = {
			isa = PBXNativeTarget;
			buildConfigurationList = 99FBD402F948BE52D0ADE71F;
			buildPhases = (
				FF0325F25D564DC7C3929BD2,
				E533177AF1BDEF26AF7B7C76,
				4D522C1C1EDC13E69D913A0A,
			);
			buildRules = (
			);
			dependencies = (
			);
			name = "ShowMIDI - App";
			productName = ShowMIDI;
			productReference = A98B4AD9E2F455CD90C21BD1;
			productType = "com.apple.product-type.application";
		};
/* End PBXNativeTarget section */

/* Begin PBXProject section */
		CEAF511635D19064186830ED = {
			isa = PBXProject;
			attributes = {
				BuildIndependentTargetsInParallel = YES;
				LastUpgradeCheck = 1340;
				ORGANIZATIONNAME = "Uwyn";
				TargetAttributes = {
					BED11850BE10D6B175ACFAE0 = {
						DevelopmentTeam = AGZT8GVS7G;
						ProvisioningStyle = Automatic;
						SystemCapabilities = {
							com.apple.ApplicationGroups.iOS = {
								enabled = 0;
							};
							com.apple.HardenedRuntime = {
								enabled = 1;
							};
							com.apple.InAppPurchase = {
								enabled = 0;
							};
							com.apple.InterAppAudio = {
								enabled = 0;
							};
							com.apple.Push = {
								enabled = 0;
							};
							com.apple.Sandbox = {
								enabled = 1;
							};
						};
					};
				};
			};
			buildConfigurationList = 1EBD7E75884D48BC2D69EF24;
			compatibilityVersion = "Xcode 3.2";
			hasScannedForEncodings = 0;
			knownRegions = (
				en,
				Base,
			);
			mainGroup = F0610D92377758CA9548DDEB;
			projectDirPath = "";
			projectRoot = "";
			targets = (
				BED11850BE10D6B175ACFAE0,
			);
		};
/* End PBXProject section */

/* Begin PBXResourcesBuildPhase section */
		FF0325F25D564DC7C3929BD2 = {
			isa = PBXResourcesBuildPhase;
			buildActionMask = 2147483647;
			files = (
				3BB70F140CA3380E32EB3F6E,
				8994F68607F392324DE07CF4,
			);
			runOnlyForDeploymentPostprocessing = 0;
		};
/* End PBXResourcesBuildPhase section */

/* Begin PBXSourcesBuildPhase section */
		E533177AF1BDEF26AF7B7C76 = {
			isa = PBXSourcesBuildPhase;
			buildActionMask = 2147483647;
			files = (
				45BCCD95AE77F8992C6D3AB5,
				98848D884D36F0D2385B6DD3,
				5CB7A96C988C86C6103E94E8,
				99397B295FEF78B3C1124178,
				49421A30B2359FF7779FB7E0,
				92971F0B7B6E55391CBCB916,
				E6B0FF0636B24A4333D1AAAB,
				D585EEC304FE343CBF6A1F80,
				481E877A14083D43B69C5D13,
				AF5710256862611AA61E4C69,
				509FC379EC3B073358255DED,
				9DB592299F0AC45A5533C870,
				1960DA9FFEE28A74FC33D5ED,
				F24F112CD6E69FA63B2A605E,
			);
			runOnlyForDeploymentPostprocessing = 0;
		};
/* End PBXSourcesBuildPhase section */

/* Begin XCBuildConfiguration section */
		6C5D28E55339506E4C9086FB /* Release */ = {
			isa = XCBuildConfiguration;
			buildSettings = {
				CLANG_CXX_LANGUAGE_STANDARD = "c++17";
				CLANG_CXX_LIBRARY = "libc++";
				CLANG_LINK_OBJC_RUNTIME = NO;
				CODE_SIGN_ENTITLEMENTS = "App.entitlements";
				CODE_SIGN_IDENTITY = "Mac Developer";
				COMBINE_HIDPI_IMAGES = YES;
				CONFIGURATION_BUILD_DIR = "$(PROJECT_DIR)/build/$(CONFIGURATION)";
				DEAD_CODE_STRIPPING = YES;
				DEVELOPMENT_TEAM = AGZT8GVS7G;
				ENABLE_HARDENED_RUNTIME = YES;
				EXCLUDED_ARCHS = "";
				GCC_FAST_MATH = YES;
				GCC_GENERATE_DEBUGGING_SYMBOLS = NO;
				GCC_OPTIMIZATION_LEVEL = 3;
				GCC_PREPROCESSOR_DEFINITIONS = (
					"_NDEBUG=1",
					"NDEBUG=1",
					"JUCE_SILENCE_XCODE_15_LINKER_WARNING=1",
					"JUCE_COREGRAPHICS_RENDER_WITH_MULTIPLE_PAINT_CALLS=1",
					"JUCER_XCODE_MAC_F6D2F4CF=1",
					"JUCE_APP_VERSION=0.1.0",
					"JUCE_APP_VERSION_HEX=0x100",
					"JucePlugin_Build_VST=0",
					"JucePlugin_Build_VST3=0",
					"JucePlugin_Build_AU=0",
					"JucePlugin_Build_AUv3=0",
					"JucePlugin_Build_AAX=0",
					"JucePlugin_Build_Standalone=0",
					"JucePlugin_Build_Unity=0",
					"JucePlugin_Build_LV2=0",
				);
				GCC_VERSION = com.apple.compilers.llvm.clang.1_0;
				HEADER_SEARCH_PATHS = (
					"$(SRCROOT)/../../JuceLibraryCode",
					"$(SRCROOT)/../../JuceLibraryCode/modules",
					"$(inherited)",
				);
				INFOPLIST_FILE = Info-App.plist;
				INFOPLIST_PREPROCESS = NO;
				INSTALL_PATH = "$(HOME)/Applications";
				LLVM_LTO = YES;
				MACOSX_DEPLOYMENT_TARGET = 11;
				MTL_HEADER_SEARCH_PATHS = "$(SRCROOT)/../../JuceLibraryCode $(SRCROOT)/../../JuceLibraryCode/modules";
				PRODUCT_BUNDLE_IDENTIFIER = com.uwyn.showmidi;
				PRODUCT_NAME = "showmidi";
				PROVISIONING_PROFILE_SPECIFIER = "";
				USE_HEADERMAP = NO;
				VALID_ARCHS = "arm64 arm64e i386 x86_64";
			};
			name = Release;
		};
		8FBA52289C8391CAA4185D61 /* Release */ = {
			isa = XCBuildConfiguration;
			buildSettings = {
				ALWAYS_SEARCH_USER_PATHS = NO;
				CLANG_ENABLE_OBJC_WEAK = YES;
				CLANG_WARN_BLOCK_CAPTURE_AUTORELEASING = YES;
				CLANG_WARN_BOOL_CONVERSION = YES;
				CLANG_WARN_COMMA = YES;
				CLANG_WARN_CONSTANT_CONVERSION = YES;
				CLANG_WARN_DEPRECATED_OBJC_IMPLEMENTATIONS = YES;
				CLANG_WARN_EMPTY_BODY = YES;
				CLANG_WARN_ENUM_CONVERSION = YES;
				CLANG_WARN_INFINITE_RECURSION = YES;
				CLANG_WARN_INT_CONVERSION = YES;
				CLANG_WARN_NON_LITERAL_NULL_CONVERSION = YES;
				CLANG_WARN_OBJC_IMPLICIT_RETAIN_SELF = YES;
				CLANG_WARN_OBJC_LITERAL_CONVERSION = YES;
				CLANG_WARN_RANGE_LOOP_ANALYSIS = YES;
				CLANG_WARN_STRICT_PROTOTYPES = YES;
				CLANG_WARN_SUSPICIOUS_MOVE = YES;
				CLANG_WARN_UNREACHABLE_CODE = YES;
				CLANG_WARN__DUPLICATE_METHOD_MATCH = YES;
				CODE_SIGN_IDENTITY = "Mac Developer";
				DEBUG_INFORMATION_FORMAT = dwarf;
				ENABLE_STRICT_OBJC_MSGSEND = YES;
				ENABLE_TESTABILITY = NO;
				GCC_C_LANGUAGE_STANDARD = c11;
				GCC_INLINES_ARE_PRIVATE_EXTERN = YES;
				GCC_MODEL_TUNING = G5;
				GCC_NO_COMMON_BLOCKS = YES;
				GCC_SYMBOLS_PRIVATE_EXTERN = YES;
				GCC_WARN_64_TO_32_BIT_CONVERSION = YES;
				GCC_WARN_ABOUT_RETURN_TYPE = YES;
				GCC_WARN_CHECK_SWITCH_STATEMENTS = YES;
				GCC_WARN_MISSING_PARENTHESES = YES;
				GCC_WARN_NON_VIRTUAL_DESTRUCTOR = YES;
				GCC_WARN_TYPECHECK_CALLS_TO_PRINTF = YES;
				GCC_WARN_UNDECLARED_SELECTOR = YES;
				GCC_WARN_UNINITIALIZED_AUTOS = YES;
				GCC_WARN_UNUSED_FUNCTION = YES;
				GCC_WARN_UNUSED_VARIABLE = YES;
				PRODUCT_NAME = "showmidi";
				SDKROOT = macosx;
				WARNING_CFLAGS = "-Wreorder";
				ZERO_LINK = NO;
			};
			name = Release;
		};
		991A20E4856FF3799EECD4FE /* Debug */ = {
			isa = XCBuildConfiguration;
			buildSettings = {
				CLANG_CXX_LANGUAGE_STANDARD = "c++17";
				CLANG_CXX_LIBRARY = "libc++";
				CLANG_LINK_OBJC_RUNTIME = NO;
				CODE_SIGN_ENTITLEMENTS = "App.entitlements";
				CODE_SIGN_IDENTITY = "Mac Developer";
				COMBINE_HIDPI_IMAGES = YES;
				CONFIGURATION_BUILD_DIR = "$(PROJECT_DIR)/build/$(CONFIGURATION)";
				COPY_PHASE_STRIP = NO;
				DEVELOPMENT_TEAM = AGZT8GVS7G;
				ENABLE_HARDENED_RUNTIME = YES;
				EXCLUDED_ARCHS = "";
				GCC_DYNAMIC_NO_PIC = NO;
				GCC_FAST_MATH = YES;
				GCC_OPTIMIZATION_LEVEL = 0;
				GCC_PREPROCESSOR_DEFINITIONS = (
					"_DEBUG=1",
					"DEBUG=1",
					"JUCE_SILENCE_XCODE_15_LINKER_WARNING=1",
					"JUCE_COREGRAPHICS_RENDER_WITH_MULTIPLE_PAINT_CALLS=1",
					"JUCER_XCODE_MAC_F6D2F4CF=1",
					"JUCE_APP_VERSION=0.1.0",
					"JUCE_APP_VERSION_HEX=0x100",
					"JucePlugin_Build_VST=0",
					"JucePlugin_Build_VST3=0",
					"JucePlugin_Build_AU=0",
					"JucePlugin_Build_AUv3=0",
					"JucePlugin_Build_AAX=0",
					"JucePlugin_Build_Standalone=0",
					"JucePlugin_Build_Unity=0",
					"JucePlugin_Build_LV2=0",
				);
				GCC_VERSION = com.apple.compilers.llvm.clang.1_0;
				HEADER_SEARCH_PATHS = (
					"$(SRCROOT)/../../JuceLibraryCode",
					"$(SRCROOT)/../../JuceLibraryCode/modules",
					"$(inherited)",
				);
				INFOPLIST_FILE = Info-App.plist;
				INFOPLIST_PREPROCESS = NO;
				INSTALL_PATH = "$(HOME)/Applications";
				MACOSX_DEPLOYMENT_TARGET = 11;
				MTL_HEADER_SEARCH_PATHS = "$(SRCROOT)/../../JuceLibraryCode $(SRCROOT)/../../JuceLibraryCode/modules";
				PRODUCT_BUNDLE_IDENTIFIER = com.uwyn.showmidi;
				PRODUCT_NAME = "showmidi";
				PROVISIONING_PROFILE_SPECIFIER = "";
				USE_HEADERMAP = NO;
				VALID_ARCHS = "arm64 arm64e i386 x86_64";
			};
			name = Debug;
		};
		C87E00909856B41272B12542 /* Debug */ = {
			isa = XCBuildConfiguration;
			buildSettings = {
				ALWAYS_SEARCH_USER_PATHS = NO;
				CLANG_ENABLE_OBJC_WEAK = YES;
				CLANG_WARN_BLOCK_CAPTURE_AUTORELEASING = YES;
				CLANG_WARN_BOOL_CONVERSION = YES;
				CLANG_WARN_COMMA = YES;
				CLANG_WARN_CONSTANT_CONVERSION = YES;
				CLANG_WARN_DEPRECATED_OBJC_IMPLEMENTATIONS = YES;
				CLANG_WARN_EMPTY_BODY = YES;
				CLANG_WARN_ENUM_CONVERSION = YES;
				CLANG_WARN_INFINITE_RECURSION = YES;
				CLANG_WARN_INT_CONVERSION = YES;
				CLANG_WARN_NON_LITERAL_NULL_CONVERSION = YES;
				CLANG_WARN_OBJC_IMPLICIT_RETAIN_SELF = YES;
				CLANG_WARN_OBJC_LITERAL_CONVERSION = YES;
				CLANG_WARN_RANGE_LOOP_ANALYSIS = YES;
				CLANG_WARN_STRICT_PROTOTYPES = YES;
				CLANG_WARN_SUSPICIOUS_MOVE = YES;
				CLANG_WARN_UNREACHABLE_CODE = YES;
				CLANG_WARN__DUPLICATE_METHOD_MATCH = YES;
				CODE_SIGN_IDENTITY = "Mac Developer";
				DEBUG_INFORMATION_FORMAT = dwarf;
				ENABLE_STRICT_OBJC_MSGSEND = YES;
				ENABLE_TESTABILITY = NO;
				GCC_C_LANGUAGE_STANDARD = c11;
				GCC_INLINES_ARE_PRIVATE_EXTERN = YES;
				GCC_MODEL_TUNING = G5;
				GCC_NO_COMMON_BLOCKS = YES;
				GCC_SYMBOLS_PRIVATE_EXTERN = YES;
				GCC_WARN_64_TO_32_BIT_CONVERSION = YES;
				GCC_WARN_ABOUT_RETURN_TYPE = YES;
				GCC_WARN_CHECK_SWITCH_STATEMENTS = YES;
				GCC_WARN_MISSING_PARENTHESES = YES;
				GCC_WARN_NON_VIRTUAL_DESTRUCTOR = YES;
				GCC_WARN_TYPECHECK_CALLS_TO_PRINTF = YES;
				GCC_WARN_UNDECLARED_SELECTOR = YES;
				GCC_WARN_UNINITIALIZED_AUTOS = YES;
				GCC_WARN_UNUSED_FUNCTION = YES;
				GCC_WARN_UNUSED_VARIABLE = YES;
				ONLY_ACTIVE_ARCH = YES;
				PRODUCT_NAME = "showmidi";
				SDKROOT = macosx;
				WARNING_CFLAGS = "-Wreorder";
				ZERO_LINK = NO;
			};
			name = Debug;
		};
/* End XCBuildConfiguration section */

/* Begin XCConfigurationList section */
		1EBD7E75884D48BC2D69EF24 = {
			isa = XCConfigurationList;
			buildConfigurations = (
				8FBA52289C8391CAA4185D61,
				C87E00909856B41272B12542,
			);
			defaultConfigurationIsVisible = 0;
			defaultConfigurationName = Debug;
		};
		99FBD402F948BE52D0ADE71F = {
			isa = XCConfigurationList;
			buildConfigurations = (
				991A20E4856FF3799EECD4FE,
				6C5D28E55339506E4C9086FB,
			);
			defaultConfigurationIsVisible = 0;
			defaultConfigurationName = Debug;
		};
/* End XCConfigurationList section */
	};
	rootObject = CEAF511635D19064186830ED /* Project object */;
}
