// !$*UTF8*$!
{
	archiveVersion = 1;
	classes = {
	};
	objectVersion = 46;
	objects = {

/* Begin PBXAggregateTarget section */
		8D4550665620D436C7E8B433 /* ShowMIDI - All */ = {
			isa = PBXAggregateTarget;
			buildConfigurationList = B6721A6027B23041E913E4DC /* Build configuration list for PBXAggregateTarget "ShowMIDI - All" */;
			buildPhases = (
			);
			dependencies = (
				710A39B8816F98A3DC30D2F2 /* PBXTargetDependency */,
				FCBB6FFF2B8C0FD5E3E5AA78 /* PBXTargetDependency */,
				8B640A7E33475FEDE76673A4 /* PBXTargetDependency */,
			);
			name = "ShowMIDI - All";
			productName = ShowMIDI;
		};
/* End PBXAggregateTarget section */

/* Begin PBXBuildFile section */
		0406D44DAD69C5E32184B8D6 /* include_juce_core.mm in Sources */ = {isa = PBXBuildFile; fileRef = 2C4A1E8364601AAA7BEC47D3 /* include_juce_core.mm */; };
		0E37862E84E50AAAF3B36BFF /* PaintedButton.cpp in Sources */ = {isa = PBXBuildFile; fileRef = E071CD1AE979F36DF9BCBCCF /* PaintedButton.cpp */; };
		181E4F7E9A37FF1A315C969E /* include_juce_audio_processors_ara.cpp in Sources */ = {isa = PBXBuildFile; fileRef = 2DBBE0BDEA350843E5CBE837 /* include_juce_audio_processors_ara.cpp */; };
		18BC972C6047CC27A142C2B8 /* ShowMidiApplication.cpp in Sources */ = {isa = PBXBuildFile; fileRef = D7FA88F4A6B12D91E3D015FA /* ShowMidiApplication.cpp */; };
		1A6345A42B0B251C2F9EFB58 /* Accelerate.framework in Frameworks */ = {isa = PBXBuildFile; fileRef = B29AD572554995864888DF39 /* Accelerate.framework */; };
		1B94A63C6E60F8CAAD9E41C9 /* QuartzCore.framework in Frameworks */ = {isa = PBXBuildFile; fileRef = F3350340A2A48DC2084FBD90 /* QuartzCore.framework */; };
		1D70697182F531840C93CE15 /* UwynLookAndFeel.cpp in Sources */ = {isa = PBXBuildFile; fileRef = 2C52E4AAA54DA857A279031C /* UwynLookAndFeel.cpp */; };
		229F83467C59FB55E505CD5E /* Foundation.framework in Frameworks */ = {isa = PBXBuildFile; fileRef = 6B3C4CF0B1689E7148204025 /* Foundation.framework */; };
		23E1171E72B049B4ADD874FC /* CoreText.framework in Frameworks */ = {isa = PBXBuildFile; fileRef = 71BF28036E56EFF57C6F04FF /* CoreText.framework */; };
		249CE4640C712BC1782DCB5D /* CoreMIDI.framework in Frameworks */ = {isa = PBXBuildFile; fileRef = 17ACFE7C6558A3BFE6DE79C9 /* CoreMIDI.framework */; };
		26D9E7282B09D1EC004A66B4 /* Images.xcassets in Resources */ = {isa = PBXBuildFile; fileRef = 1C6731403A5CDD50BA00A1BF /* Images.xcassets */; };
		26D9E7292B09D1EC004A66B4 /* LaunchScreen.storyboard in Resources */ = {isa = PBXBuildFile; fileRef = 368620EE5E8BA7D5569096BC /* LaunchScreen.storyboard */; };
		26D9E72A2B09D1EC004A66B4 /* Icon.icns in Resources */ = {isa = PBXBuildFile; fileRef = ADFC4D4C01DA373375788BEB /* Icon.icns */; };
		26D9E72B2B09D1EC004A66B4 /* Accelerate.framework in Frameworks */ = {isa = PBXBuildFile; fileRef = B29AD572554995864888DF39 /* Accelerate.framework */; };
		26D9E72C2B09D1EC004A66B4 /* AudioToolbox.framework in Frameworks */ = {isa = PBXBuildFile; fileRef = 04B573B9A4233581640FCE37 /* AudioToolbox.framework */; };
		26D9E72D2B09D1EC004A66B4 /* AVFoundation.framework in Frameworks */ = {isa = PBXBuildFile; fileRef = F510F4D6670ABB994871EC11 /* AVFoundation.framework */; };
		26D9E72E2B09D1EC004A66B4 /* CoreAudio.framework in Frameworks */ = {isa = PBXBuildFile; fileRef = 27ECFCD7203995ED4729E23E /* CoreAudio.framework */; };
		26D9E72F2B09D1EC004A66B4 /* CoreAudioKit.framework in Frameworks */ = {isa = PBXBuildFile; fileRef = D836C4B412BD0316C8041F6C /* CoreAudioKit.framework */; };
		26D9E7302B09D1EC004A66B4 /* CoreGraphics.framework in Frameworks */ = {isa = PBXBuildFile; fileRef = FC5E3D4401B6EC67E2B8F72A /* CoreGraphics.framework */; };
		26D9E7312B09D1EC004A66B4 /* CoreImage.framework in Frameworks */ = {isa = PBXBuildFile; fileRef = E1DF7D86C0AB1CF7A4E052C5 /* CoreImage.framework */; };
		26D9E7322B09D1EC004A66B4 /* CoreMIDI.framework in Frameworks */ = {isa = PBXBuildFile; fileRef = 17ACFE7C6558A3BFE6DE79C9 /* CoreMIDI.framework */; };
		26D9E7332B09D1EC004A66B4 /* CoreServices.framework in Frameworks */ = {isa = PBXBuildFile; fileRef = F4CC38ABC3BF4DF99B4AEB8B /* CoreServices.framework */; };
		26D9E7342B09D1EC004A66B4 /* CoreText.framework in Frameworks */ = {isa = PBXBuildFile; fileRef = 71BF28036E56EFF57C6F04FF /* CoreText.framework */; };
		26D9E7352B09D1EC004A66B4 /* Foundation.framework in Frameworks */ = {isa = PBXBuildFile; fileRef = 6B3C4CF0B1689E7148204025 /* Foundation.framework */; };
		26D9E7362B09D1EC004A66B4 /* QuartzCore.framework in Frameworks */ = {isa = PBXBuildFile; fileRef = F3350340A2A48DC2084FBD90 /* QuartzCore.framework */; };
		26D9E7372B09D1EC004A66B4 /* UIKit.framework in Frameworks */ = {isa = PBXBuildFile; fileRef = B422824DB8787454029C457F /* UIKit.framework */; };
		26D9E7382B09D1EC004A66B4 /* WebKit.framework in Frameworks */ = {isa = PBXBuildFile; fileRef = 7044C8187C93F03ACA494C1E /* WebKit.framework */; };
		26D9E7392B09D1EC004A66B4 /* Metal.framework in Frameworks */ = {isa = PBXBuildFile; fileRef = 8D2448D40030D125D995FF67 /* Metal.framework */; };
		26D9E73A2B09D1EC004A66B4 /* MetalKit.framework in Frameworks */ = {isa = PBXBuildFile; fileRef = B14489F06D2BD531D0FFF376 /* MetalKit.framework */; };
		26D9E73B2B09D1EC004A66B4 /* UserNotifications.framework in Frameworks */ = {isa = PBXBuildFile; fileRef = AEC15CFC452928D6467CBE0A /* UserNotifications.framework */; };
		2BE136F9771FD33F0C7A6703 /* MidiDevicesListener.cpp in Sources */ = {isa = PBXBuildFile; fileRef = 522F4183B107213ABBA95E54 /* MidiDevicesListener.cpp */; };
		353E878E2C4866F8F792ABB8 /* PropertiesSettings.cpp in Sources */ = {isa = PBXBuildFile; fileRef = 8EEF02F4B9640EBAC9C1B340 /* PropertiesSettings.cpp */; };
		368701CC81BCD114F89A6FEE /* include_juce_graphics.mm in Sources */ = {isa = PBXBuildFile; fileRef = F0823A50303AB62A3DC1CF36 /* include_juce_graphics.mm */; };
		3756B71F35763F40D8418F1C /* UserNotifications.framework in Frameworks */ = {isa = PBXBuildFile; fileRef = AEC15CFC452928D6467CBE0A /* UserNotifications.framework */; settings = {ATTRIBUTES = (Weak, ); }; };
		4408F5269D7071063662550F /* include_juce_audio_plugin_client_ARA.cpp in Sources */ = {isa = PBXBuildFile; fileRef = FDB11BB7D46CFB537BD77891 /* include_juce_audio_plugin_client_ARA.cpp */; };
		489E608DB817050A5D5D3162 /* MetalKit.framework in Frameworks */ = {isa = PBXBuildFile; fileRef = B14489F06D2BD531D0FFF376 /* MetalKit.framework */; settings = {ATTRIBUTES = (Weak, ); }; };
		49275756321FDB8F7DC25D31 /* AboutComponent.cpp in Sources */ = {isa = PBXBuildFile; fileRef = 80ABD3BDC42C5FE92F7FE42C /* AboutComponent.cpp */; };
		4E05314F084EC2ACBAE987AC /* Images.xcassets in Resources */ = {isa = PBXBuildFile; fileRef = 1C6731403A5CDD50BA00A1BF /* Images.xcassets */; };
		5BC5B828E566A7F646B29C61 /* CoreServices.framework in Frameworks */ = {isa = PBXBuildFile; fileRef = F4CC38ABC3BF4DF99B4AEB8B /* CoreServices.framework */; };
		5D5B029DE57BC7B2770A6B2E /* include_juce_audio_processors.mm in Sources */ = {isa = PBXBuildFile; fileRef = 9C19881D8BF4AD54F23350A1 /* include_juce_audio_processors.mm */; };
		63D741B6640E608A0F5DBBC3 /* UIKit.framework in Frameworks */ = {isa = PBXBuildFile; fileRef = B422824DB8787454029C457F /* UIKit.framework */; };
		685FBF167055939EFF0BC772 /* include_juce_audio_plugin_client_Standalone.cpp in Sources */ = {isa = PBXBuildFile; fileRef = 84B181AE7A602CF26F9C4158 /* include_juce_audio_plugin_client_Standalone.cpp */; };
		69B90CBB6BB21353587D2A97 /* PluginEditor.cpp in Sources */ = {isa = PBXBuildFile; fileRef = 5E8212E205DE721CE55589C7 /* PluginEditor.cpp */; };
		712D7573805649AE18AE3A5A /* include_juce_audio_plugin_client_AUv3.mm in Sources */ = {isa = PBXBuildFile; fileRef = 71D389B4B47E269F6BCDF779 /* include_juce_audio_plugin_client_AUv3.mm */; };
		72EE5FBBCCCA12C9D90532FB /* include_juce_audio_processors_lv2_libs.cpp in Sources */ = {isa = PBXBuildFile; fileRef = 372E247AE8EA1DCC2438C0C3 /* include_juce_audio_processors_lv2_libs.cpp */; };
		73AA388CD40FCABF9457235A /* ShowMIDI.appex in Embed App Extensions */ = {isa = PBXBuildFile; fileRef = 18E89D52FCDF34385983843E /* ShowMIDI.appex */; };
		74A90D33B60D692AC29558AE /* MidiDeviceComponent.cpp in Sources */ = {isa = PBXBuildFile; fileRef = 4103274634C632287BD3388D /* MidiDeviceComponent.cpp */; };
		7D3662134D4D4F29CE66FD36 /* include_juce_audio_devices.mm in Sources */ = {isa = PBXBuildFile; fileRef = 360F084DCC1FFB986575FC0B /* include_juce_audio_devices.mm */; };
		7D4A2F5E55D62DA0F82EFDED /* StandaloneDevicesComponent.cpp in Sources */ = {isa = PBXBuildFile; fileRef = 031AE9228EBD95C338AB3D48 /* StandaloneDevicesComponent.cpp */; };
		7F650D414C30A326AC845F7B /* AVFoundation.framework in Frameworks */ = {isa = PBXBuildFile; fileRef = F510F4D6670ABB994871EC11 /* AVFoundation.framework */; };
		89257B225513F271B67C2D83 /* include_juce_audio_basics.mm in Sources */ = {isa = PBXBuildFile; fileRef = D37BC26585486939C17BB1A9 /* include_juce_audio_basics.mm */; };
		8A7D3D28E13F8FDC1822A9AF /* CoreAudio.framework in Frameworks */ = {isa = PBXBuildFile; fileRef = 27ECFCD7203995ED4729E23E /* CoreAudio.framework */; };
		8D65268047C04AB47CA72AB2 /* AudioToolbox.framework in Frameworks */ = {isa = PBXBuildFile; fileRef = 04B573B9A4233581640FCE37 /* AudioToolbox.framework */; };
		930F21046AF312901BFB919B /* StandaloneWindow.cpp in Sources */ = {isa = PBXBuildFile; fileRef = 000EE2EE2449DE5643E24358 /* StandaloneWindow.cpp */; };
		981E56E3C8A61DD1B81AF8D9 /* include_juce_events.mm in Sources */ = {isa = PBXBuildFile; fileRef = D6879283EC09AA73EFF6A618 /* include_juce_events.mm */; };
		9DCB056E1D3338694E39AC79 /* PortListComponent.cpp in Sources */ = {isa = PBXBuildFile; fileRef = 3A5AAF56DB59B890D6C10E36 /* PortListComponent.cpp */; };
		A1B4D81E02C5B74676DC58E2 /* include_juce_gui_extra.mm in Sources */ = {isa = PBXBuildFile; fileRef = 4F7F78F0807149D173DA0F17 /* include_juce_gui_extra.mm */; };
		A5C4DD496574040E5EAB6BAA /* include_juce_data_structures.mm in Sources */ = {isa = PBXBuildFile; fileRef = 3F0D10A7839AE2AA878473A4 /* include_juce_data_structures.mm */; };
		AC28EC40C013E7EAAFB784DE /* WebKit.framework in Frameworks */ = {isa = PBXBuildFile; fileRef = 7044C8187C93F03ACA494C1E /* WebKit.framework */; };
		ADAC1E3AC25FA830E7BCABC5 /* Theme.cpp in Sources */ = {isa = PBXBuildFile; fileRef = 3BFBD5BE9998618A28B34775 /* Theme.cpp */; };
		B1967F966631AED4C407CA3C /* MainLayoutComponent.cpp in Sources */ = {isa = PBXBuildFile; fileRef = D8C228AC03A494A8D96BE842 /* MainLayoutComponent.cpp */; };
		B2CA45071B7F2A42F6ED4CBE /* CoreImage.framework in Frameworks */ = {isa = PBXBuildFile; fileRef = E1DF7D86C0AB1CF7A4E052C5 /* CoreImage.framework */; };
		B438451537D48B85DC57EE1E /* Icon.icns in Resources */ = {isa = PBXBuildFile; fileRef = ADFC4D4C01DA373375788BEB /* Icon.icns */; };
		B6088241F34A646B3124200D /* CoreGraphics.framework in Frameworks */ = {isa = PBXBuildFile; fileRef = FC5E3D4401B6EC67E2B8F72A /* CoreGraphics.framework */; };
		BFE044EA57079FC6BB936520 /* LaunchScreen.storyboard in Resources */ = {isa = PBXBuildFile; fileRef = 368620EE5E8BA7D5569096BC /* LaunchScreen.storyboard */; };
		C1FD2601A91E6873B440D961 /* include_juce_gui_basics.mm in Sources */ = {isa = PBXBuildFile; fileRef = E9709AF951C28033427F76C6 /* include_juce_gui_basics.mm */; };
		C2FD810ECCF40E9DF8DB3B9B /* include_juce_audio_formats.mm in Sources */ = {isa = PBXBuildFile; fileRef = 701B09DB73C2B2CAEB125133 /* include_juce_audio_formats.mm */; };
		D15701538FF51592C7A4571C /* SidebarComponent.cpp in Sources */ = {isa = PBXBuildFile; fileRef = D443EB07355FF2F422FE3CBA /* SidebarComponent.cpp */; };
		D655D2371FA9FE4CF61AB094 /* Metal.framework in Frameworks */ = {isa = PBXBuildFile; fileRef = 8D2448D40030D125D995FF67 /* Metal.framework */; settings = {ATTRIBUTES = (Weak, ); }; };
		D782D07214CD0BF4CAEBDD92 /* PluginProcessor.cpp in Sources */ = {isa = PBXBuildFile; fileRef = 2343ECC7F67FA6AD9E72214D /* PluginProcessor.cpp */; };
		DC59E80EFE3853979939FEB8 /* include_juce_audio_utils.mm in Sources */ = {isa = PBXBuildFile; fileRef = A9B7C49820B6A87EA4DDB498 /* include_juce_audio_utils.mm */; };
		E41A5EC6AAC70E19B4327840 /* CoreAudioKit.framework in Frameworks */ = {isa = PBXBuildFile; fileRef = D836C4B412BD0316C8041F6C /* CoreAudioKit.framework */; };
		E6BDA9C4B95D6F31D96F1438 /* Main.cpp in Sources */ = {isa = PBXBuildFile; fileRef = 60D631FC0F78AC6C198E73A8 /* Main.cpp */; };
		E82687E6264A1ED71A5100DE /* BinaryData.cpp in Sources */ = {isa = PBXBuildFile; fileRef = C38DAA745C7DE61B6AFE626D /* BinaryData.cpp */; };
		EA3EC9247A3B0EDFBE548619 /* PluginSettings.cpp in Sources */ = {isa = PBXBuildFile; fileRef = A9DE540E8FB3BA18341A110B /* PluginSettings.cpp */; };
		F5781FB5579CABE9AB4B0E3F /* PopupColourSelector.cpp in Sources */ = {isa = PBXBuildFile; fileRef = 29CF9CBC7CEAEDD1078E3043 /* PopupColourSelector.cpp */; };
		FB06D6A6352BFA17ACE5F06A /* SettingsComponent.cpp in Sources */ = {isa = PBXBuildFile; fileRef = 541028D9F36EB1F495DCE2A4 /* SettingsComponent.cpp */; };
/* End PBXBuildFile section */

/* Begin PBXContainerItemProxy section */
		26D9E73C2B09D1EC004A66B4 /* PBXContainerItemProxy */ = {
			isa = PBXContainerItemProxy;
			containerPortal = 59C1E84DE320FBAD9D225753 /* Project object */;
			proxyType = 1;
			remoteGlobalIDString = E3743413C65D78F1C4BC31EA;
			remoteInfo = "ShowMIDI - Shared Code";
		};
		26D9E73D2B09D1EC004A66B4 /* PBXContainerItemProxy */ = {
			isa = PBXContainerItemProxy;
			containerPortal = 59C1E84DE320FBAD9D225753 /* Project object */;
			proxyType = 1;
			remoteGlobalIDString = E3743413C65D78F1C4BC31EA;
			remoteInfo = "ShowMIDI - Shared Code";
		};
		26D9E73E2B09D1EC004A66B4 /* PBXContainerItemProxy */ = {
			isa = PBXContainerItemProxy;
			containerPortal = 59C1E84DE320FBAD9D225753 /* Project object */;
			proxyType = 1;
			remoteGlobalIDString = 7125515049431B9D98C2913F;
			remoteInfo = "ShowMIDI - AUv3 AppExtension";
		};
		26D9E73F2B09D1EC004A66B4 /* PBXContainerItemProxy */ = {
			isa = PBXContainerItemProxy;
			containerPortal = 59C1E84DE320FBAD9D225753 /* Project object */;
			proxyType = 1;
			remoteGlobalIDString = 7125515049431B9D98C2913F;
			remoteInfo = "ShowMIDI - AUv3 AppExtension";
		};
		26D9E7402B09D1EC004A66B4 /* PBXContainerItemProxy */ = {
			isa = PBXContainerItemProxy;
			containerPortal = 59C1E84DE320FBAD9D225753 /* Project object */;
			proxyType = 1;
			remoteGlobalIDString = 084392EE76BCAA7AE36C8A8A;
			remoteInfo = "ShowMIDI - Standalone Plugin";
		};
		26D9E7412B09D1EC004A66B4 /* PBXContainerItemProxy */ = {
			isa = PBXContainerItemProxy;
			containerPortal = 59C1E84DE320FBAD9D225753 /* Project object */;
			proxyType = 1;
			remoteGlobalIDString = E3743413C65D78F1C4BC31EA;
			remoteInfo = "ShowMIDI - Shared Code";
		};
/* End PBXContainerItemProxy section */

/* Begin PBXCopyFilesBuildPhase section */
		DB8D825ED3339CFE22077761 /* Embed App Extensions */ = {
			isa = PBXCopyFilesBuildPhase;
			buildActionMask = 2147483647;
			dstPath = "";
			dstSubfolderSpec = 13;
			files = (
				73AA388CD40FCABF9457235A /* ShowMIDI.appex in Embed App Extensions */,
			);
			name = "Embed App Extensions";
			runOnlyForDeploymentPostprocessing = 0;
		};
/* End PBXCopyFilesBuildPhase section */

/* Begin PBXFileReference section */
		000EE2EE2449DE5643E24358 /* StandaloneWindow.cpp */ = {isa = PBXFileReference; lastKnownFileType = sourcecode.cpp.cpp; name = StandaloneWindow.cpp; path = ../../Source/StandaloneWindow.cpp; sourceTree = SOURCE_ROOT; };
		001D7A7EB2B1663EDF01F183 /* juce_audio_formats */ = {isa = PBXFileReference; lastKnownFileType = folder; name = juce_audio_formats; path = ../../JUCE/modules/juce_audio_formats; sourceTree = SOURCE_ROOT; };
		031AE9228EBD95C338AB3D48 /* StandaloneDevicesComponent.cpp */ = {isa = PBXFileReference; lastKnownFileType = sourcecode.cpp.cpp; name = StandaloneDevicesComponent.cpp; path = ../../Source/StandaloneDevicesComponent.cpp; sourceTree = SOURCE_ROOT; };
		04B573B9A4233581640FCE37 /* AudioToolbox.framework */ = {isa = PBXFileReference; lastKnownFileType = wrapper.framework; name = AudioToolbox.framework; path = System/Library/Frameworks/AudioToolbox.framework; sourceTree = SDKROOT; };
		0894206EE398F6A05B9AD091 /* visible.svg */ = {isa = PBXFileReference; lastKnownFileType = file.svg; name = visible.svg; path = ../../Assets/visible.svg; sourceTree = SOURCE_ROOT; };
		1152C1391B39202DBB86C3B9 /* JucePluginDefines.h */ = {isa = PBXFileReference; lastKnownFileType = sourcecode.c.h; name = JucePluginDefines.h; path = ../../JuceLibraryCode/JucePluginDefines.h; sourceTree = SOURCE_ROOT; };
		174103AD3F224D30061D8C33 /* JetBrainsMono-Italic.ttf */ = {isa = PBXFileReference; lastKnownFileType = file.ttf; name = "JetBrainsMono-Italic.ttf"; path = "../../Fonts/JetBrainsMono-Italic.ttf"; sourceTree = SOURCE_ROOT; };
		17ACFE7C6558A3BFE6DE79C9 /* CoreMIDI.framework */ = {isa = PBXFileReference; lastKnownFileType = wrapper.framework; name = CoreMIDI.framework; path = System/Library/Frameworks/CoreMIDI.framework; sourceTree = SDKROOT; };
		18E89D52FCDF34385983843E /* ShowMIDI.appex */ = {isa = PBXFileReference; explicitFileType = "wrapper.app-extension"; includeInIndex = 0; path = ShowMIDI.appex; sourceTree = BUILT_PRODUCTS_DIR; };
		1BE35E6D3AE7201579824F93 /* juce_core */ = {isa = PBXFileReference; lastKnownFileType = folder; name = juce_core; path = ../../JUCE/modules/juce_core; sourceTree = SOURCE_ROOT; };
		1C6731403A5CDD50BA00A1BF /* Images.xcassets */ = {isa = PBXFileReference; lastKnownFileType = folder.assetcatalog; name = Images.xcassets; path = ShowMIDI/Images.xcassets; sourceTree = SOURCE_ROOT; };
		1E8AF652B5355FF40C9CC3C2 /* PauseManager.h */ = {isa = PBXFileReference; lastKnownFileType = sourcecode.c.h; name = PauseManager.h; path = ../../Source/PauseManager.h; sourceTree = SOURCE_ROOT; };
		226AF0455917BA09A7EFD367 /* StandaloneWindow.h */ = {isa = PBXFileReference; lastKnownFileType = sourcecode.c.h; name = StandaloneWindow.h; path = ../../Source/StandaloneWindow.h; sourceTree = SOURCE_ROOT; };
		2343ECC7F67FA6AD9E72214D /* PluginProcessor.cpp */ = {isa = PBXFileReference; lastKnownFileType = sourcecode.cpp.cpp; name = PluginProcessor.cpp; path = ../../Source/PluginProcessor.cpp; sourceTree = SOURCE_ROOT; };
		26B32E7A0B7D819DE0C5E48C /* BinaryData.h */ = {isa = PBXFileReference; lastKnownFileType = sourcecode.c.h; name = BinaryData.h; path = ../../JuceLibraryCode/BinaryData.h; sourceTree = SOURCE_ROOT; };
		26BF73BC8B167B724EDDA4EA /* hidden.svg */ = {isa = PBXFileReference; lastKnownFileType = file.svg; name = hidden.svg; path = ../../Assets/hidden.svg; sourceTree = SOURCE_ROOT; };
		27ECFCD7203995ED4729E23E /* CoreAudio.framework */ = {isa = PBXFileReference; lastKnownFileType = wrapper.framework; name = CoreAudio.framework; path = System/Library/Frameworks/CoreAudio.framework; sourceTree = SDKROOT; };
		29CF9CBC7CEAEDD1078E3043 /* PopupColourSelector.cpp */ = {isa = PBXFileReference; lastKnownFileType = sourcecode.cpp.cpp; name = PopupColourSelector.cpp; path = ../../Source/PopupColourSelector.cpp; sourceTree = SOURCE_ROOT; };
		2BAD118D5E37BE0B29056893 /* Info-AUv3_AppExtension.plist */ = {isa = PBXFileReference; lastKnownFileType = text.plist.xml; path = "Info-AUv3_AppExtension.plist"; sourceTree = SOURCE_ROOT; };
		2C4A1E8364601AAA7BEC47D3 /* include_juce_core.mm */ = {isa = PBXFileReference; lastKnownFileType = sourcecode.cpp.objcpp; name = include_juce_core.mm; path = ../../JuceLibraryCode/include_juce_core.mm; sourceTree = SOURCE_ROOT; };
		2C52E4AAA54DA857A279031C /* UwynLookAndFeel.cpp */ = {isa = PBXFileReference; lastKnownFileType = sourcecode.cpp.cpp; name = UwynLookAndFeel.cpp; path = ../../Source/UwynLookAndFeel.cpp; sourceTree = SOURCE_ROOT; };
		2DBBE0BDEA350843E5CBE837 /* include_juce_audio_processors_ara.cpp */ = {isa = PBXFileReference; lastKnownFileType = sourcecode.cpp.cpp; name = include_juce_audio_processors_ara.cpp; path = ../../JuceLibraryCode/include_juce_audio_processors_ara.cpp; sourceTree = SOURCE_ROOT; };
		2E55A32370FE1B59607DC4EE /* juce_audio_devices */ = {isa = PBXFileReference; lastKnownFileType = folder; name = juce_audio_devices; path = ../../JUCE/modules/juce_audio_devices; sourceTree = SOURCE_ROOT; };
		2F0DF01345C74A9223A8FD7E /* JetBrainsMono-SemiBold.ttf */ = {isa = PBXFileReference; lastKnownFileType = file.ttf; name = "JetBrainsMono-SemiBold.ttf"; path = "../../Fonts/JetBrainsMono-SemiBold.ttf"; sourceTree = SOURCE_ROOT; };
		3149C8B2F0D4F13D1598BD0B /* appicon.png */ = {isa = PBXFileReference; lastKnownFileType = image.png; name = appicon.png; path = ../../Assets/appicon.png; sourceTree = SOURCE_ROOT; };
		32ACC42799D05A35370A20A4 /* AboutComponent.h */ = {isa = PBXFileReference; lastKnownFileType = sourcecode.c.h; name = AboutComponent.h; path = ../../Source/AboutComponent.h; sourceTree = SOURCE_ROOT; };
		360F084DCC1FFB986575FC0B /* include_juce_audio_devices.mm */ = {isa = PBXFileReference; lastKnownFileType = sourcecode.cpp.objcpp; name = include_juce_audio_devices.mm; path = ../../JuceLibraryCode/include_juce_audio_devices.mm; sourceTree = SOURCE_ROOT; };
		368620EE5E8BA7D5569096BC /* LaunchScreen.storyboard */ = {isa = PBXFileReference; lastKnownFileType = file.storyboard; name = LaunchScreen.storyboard; path = ../../Assets/LaunchScreen.storyboard; sourceTree = SOURCE_ROOT; };
		372E247AE8EA1DCC2438C0C3 /* include_juce_audio_processors_lv2_libs.cpp */ = {isa = PBXFileReference; lastKnownFileType = sourcecode.cpp.cpp; name = include_juce_audio_processors_lv2_libs.cpp; path = ../../JuceLibraryCode/include_juce_audio_processors_lv2_libs.cpp; sourceTree = SOURCE_ROOT; };
		3A5AAF56DB59B890D6C10E36 /* PortListComponent.cpp */ = {isa = PBXFileReference; lastKnownFileType = sourcecode.cpp.cpp; name = PortListComponent.cpp; path = ../../Source/PortListComponent.cpp; sourceTree = SOURCE_ROOT; };
		3BFBD5BE9998618A28B34775 /* Theme.cpp */ = {isa = PBXFileReference; lastKnownFileType = sourcecode.cpp.cpp; name = Theme.cpp; path = ../../Source/Theme.cpp; sourceTree = SOURCE_ROOT; };
		3D3044A570415BC72E611C0F /* juce_graphics */ = {isa = PBXFileReference; lastKnownFileType = folder; name = juce_graphics; path = ../../JUCE/modules/juce_graphics; sourceTree = SOURCE_ROOT; };
		3E9019794FA6C7E7AF818E39 /* SettingsComponent.h */ = {isa = PBXFileReference; lastKnownFileType = sourcecode.c.h; name = SettingsComponent.h; path = ../../Source/SettingsComponent.h; sourceTree = SOURCE_ROOT; };
		3F0D10A7839AE2AA878473A4 /* include_juce_data_structures.mm */ = {isa = PBXFileReference; lastKnownFileType = sourcecode.cpp.objcpp; name = include_juce_data_structures.mm; path = ../../JuceLibraryCode/include_juce_data_structures.mm; sourceTree = SOURCE_ROOT; };
		4087F6C35D5E598616C584CC /* juce_audio_processors */ = {isa = PBXFileReference; lastKnownFileType = folder; name = juce_audio_processors; path = ../../JUCE/modules/juce_audio_processors; sourceTree = SOURCE_ROOT; };
		4103274634C632287BD3388D /* MidiDeviceComponent.cpp */ = {isa = PBXFileReference; lastKnownFileType = sourcecode.cpp.cpp; name = MidiDeviceComponent.cpp; path = ../../Source/MidiDeviceComponent.cpp; sourceTree = SOURCE_ROOT; };
		42FD542643C45D2C5A9A1A35 /* ChannelState.h */ = {isa = PBXFileReference; lastKnownFileType = sourcecode.c.h; name = ChannelState.h; path = ../../Source/ChannelState.h; sourceTree = SOURCE_ROOT; };
		498A30EF336DA83436EF82AA /* juce_audio_plugin_client */ = {isa = PBXFileReference; lastKnownFileType = folder; name = juce_audio_plugin_client; path = ../../JUCE/modules/juce_audio_plugin_client; sourceTree = SOURCE_ROOT; };
		4C9A95265A0E0902C0045742 /* PluginProcessor.h */ = {isa = PBXFileReference; lastKnownFileType = sourcecode.c.h; name = PluginProcessor.h; path = ../../Source/PluginProcessor.h; sourceTree = SOURCE_ROOT; };
		4F7F78F0807149D173DA0F17 /* include_juce_gui_extra.mm */ = {isa = PBXFileReference; lastKnownFileType = sourcecode.cpp.objcpp; name = include_juce_gui_extra.mm; path = ../../JuceLibraryCode/include_juce_gui_extra.mm; sourceTree = SOURCE_ROOT; };
		522F4183B107213ABBA95E54 /* MidiDevicesListener.cpp */ = {isa = PBXFileReference; lastKnownFileType = sourcecode.cpp.cpp; name = MidiDevicesListener.cpp; path = ../../Source/MidiDevicesListener.cpp; sourceTree = SOURCE_ROOT; };
		541028D9F36EB1F495DCE2A4 /* SettingsComponent.cpp */ = {isa = PBXFileReference; lastKnownFileType = sourcecode.cpp.cpp; name = SettingsComponent.cpp; path = ../../Source/SettingsComponent.cpp; sourceTree = SOURCE_ROOT; };
		5C0EBCDDFA797BE0FCCA8763 /* settings.svg */ = {isa = PBXFileReference; lastKnownFileType = file.svg; name = settings.svg; path = ../../Assets/settings.svg; sourceTree = SOURCE_ROOT; };
		5E8212E205DE721CE55589C7 /* PluginEditor.cpp */ = {isa = PBXFileReference; lastKnownFileType = sourcecode.cpp.cpp; name = PluginEditor.cpp; path = ../../Source/PluginEditor.cpp; sourceTree = SOURCE_ROOT; };
		60D631FC0F78AC6C198E73A8 /* Main.cpp */ = {isa = PBXFileReference; lastKnownFileType = sourcecode.cpp.cpp; name = Main.cpp; path = ../../Source/Main.cpp; sourceTree = SOURCE_ROOT; };
		643B5F105EE95C3831C1513D /* AppConfig.h */ = {isa = PBXFileReference; lastKnownFileType = sourcecode.c.h; name = AppConfig.h; path = ../../JuceLibraryCode/AppConfig.h; sourceTree = SOURCE_ROOT; };
		656E427836DF54D372F75761 /* SettingsManager.h */ = {isa = PBXFileReference; lastKnownFileType = sourcecode.c.h; name = SettingsManager.h; path = ../../Source/SettingsManager.h; sourceTree = SOURCE_ROOT; };
		6942622DD840B2BD0E5810BC /* appicon-ios.png */ = {isa = PBXFileReference; lastKnownFileType = image.png; name = "appicon-ios.png"; path = "../../Assets/appicon-ios.png"; sourceTree = SOURCE_ROOT; };
		6B3C4CF0B1689E7148204025 /* Foundation.framework */ = {isa = PBXFileReference; lastKnownFileType = wrapper.framework; name = Foundation.framework; path = System/Library/Frameworks/Foundation.framework; sourceTree = SDKROOT; };
		6D77D2AB326BCCADE9CE1367 /* PopupColourSelector.h */ = {isa = PBXFileReference; lastKnownFileType = sourcecode.c.h; name = PopupColourSelector.h; path = ../../Source/PopupColourSelector.h; sourceTree = SOURCE_ROOT; };
		6D931ECF33778E1C1138B74D /* Info-Standalone_Plugin.plist */ = {isa = PBXFileReference; lastKnownFileType = text.plist.xml; path = "Info-Standalone_Plugin.plist"; sourceTree = SOURCE_ROOT; };
		701B09DB73C2B2CAEB125133 /* include_juce_audio_formats.mm */ = {isa = PBXFileReference; lastKnownFileType = sourcecode.cpp.objcpp; name = include_juce_audio_formats.mm; path = ../../JuceLibraryCode/include_juce_audio_formats.mm; sourceTree = SOURCE_ROOT; };
		7044C8187C93F03ACA494C1E /* WebKit.framework */ = {isa = PBXFileReference; lastKnownFileType = wrapper.framework; name = WebKit.framework; path = System/Library/Frameworks/WebKit.framework; sourceTree = SDKROOT; };
		71BF28036E56EFF57C6F04FF /* CoreText.framework */ = {isa = PBXFileReference; lastKnownFileType = wrapper.framework; name = CoreText.framework; path = System/Library/Frameworks/CoreText.framework; sourceTree = SDKROOT; };
		71D389B4B47E269F6BCDF779 /* include_juce_audio_plugin_client_AUv3.mm */ = {isa = PBXFileReference; lastKnownFileType = sourcecode.cpp.objcpp; name = include_juce_audio_plugin_client_AUv3.mm; path = ../../JuceLibraryCode/include_juce_audio_plugin_client_AUv3.mm; sourceTree = SOURCE_ROOT; };
		74BF7243F4B5A5C89B85AE55 /* PluginSettings.h */ = {isa = PBXFileReference; lastKnownFileType = sourcecode.c.h; name = PluginSettings.h; path = ../../Source/PluginSettings.h; sourceTree = SOURCE_ROOT; };
		76626B38FEC33CD26C14D909 /* Settings.h */ = {isa = PBXFileReference; lastKnownFileType = sourcecode.c.h; name = Settings.h; path = ../../Source/Settings.h; sourceTree = SOURCE_ROOT; };
		769B7E29896F9663B5117831 /* libShowMIDI.a */ = {isa = PBXFileReference; explicitFileType = archive.ar; includeInIndex = 0; path = libShowMIDI.a; sourceTree = BUILT_PRODUCTS_DIR; };
		79964C8DCCC8635EB86C5470 /* MidiDeviceInfoComparator.h */ = {isa = PBXFileReference; lastKnownFileType = sourcecode.c.h; name = MidiDeviceInfoComparator.h; path = ../../Source/MidiDeviceInfoComparator.h; sourceTree = SOURCE_ROOT; };
		7C75A0F1DB0EDE6AD443D6B2 /* PropertiesSettings.h */ = {isa = PBXFileReference; lastKnownFileType = sourcecode.c.h; name = PropertiesSettings.h; path = ../../Source/PropertiesSettings.h; sourceTree = SOURCE_ROOT; };
		80ABD3BDC42C5FE92F7FE42C /* AboutComponent.cpp */ = {isa = PBXFileReference; lastKnownFileType = sourcecode.cpp.cpp; name = AboutComponent.cpp; path = ../../Source/AboutComponent.cpp; sourceTree = SOURCE_ROOT; };
		84B181AE7A602CF26F9C4158 /* include_juce_audio_plugin_client_Standalone.cpp */ = {isa = PBXFileReference; lastKnownFileType = sourcecode.cpp.cpp; name = include_juce_audio_plugin_client_Standalone.cpp; path = ../../JuceLibraryCode/include_juce_audio_plugin_client_Standalone.cpp; sourceTree = SOURCE_ROOT; };
		88AAC6E05E409AD97864C094 /* PaintedButton.h */ = {isa = PBXFileReference; lastKnownFileType = sourcecode.c.h; name = PaintedButton.h; path = ../../Source/PaintedButton.h; sourceTree = SOURCE_ROOT; };
		8B4BBB72CD42AFE31F80F07A /* collapsed.svg */ = {isa = PBXFileReference; lastKnownFileType = file.svg; name = collapsed.svg; path = ../../Assets/collapsed.svg; sourceTree = SOURCE_ROOT; };
		8D2448D40030D125D995FF67 /* Metal.framework */ = {isa = PBXFileReference; lastKnownFileType = wrapper.framework; name = Metal.framework; path = System/Library/Frameworks/Metal.framework; sourceTree = SDKROOT; };
		8EEF02F4B9640EBAC9C1B340 /* PropertiesSettings.cpp */ = {isa = PBXFileReference; lastKnownFileType = sourcecode.cpp.cpp; name = PropertiesSettings.cpp; path = ../../Source/PropertiesSettings.cpp; sourceTree = SOURCE_ROOT; };
		93CD70970B7171379643BDD4 /* juce_data_structures */ = {isa = PBXFileReference; lastKnownFileType = folder; name = juce_data_structures; path = ../../JUCE/modules/juce_data_structures; sourceTree = SOURCE_ROOT; };
		9A2BC4DA5BB07ED9989A954E /* JuceLV2Defines.h */ = {isa = PBXFileReference; lastKnownFileType = sourcecode.c.h; name = JuceLV2Defines.h; path = ../../JuceLibraryCode/JuceLV2Defines.h; sourceTree = SOURCE_ROOT; };
		9C19881D8BF4AD54F23350A1 /* include_juce_audio_processors.mm */ = {isa = PBXFileReference; lastKnownFileType = sourcecode.cpp.objcpp; name = include_juce_audio_processors.mm; path = ../../JuceLibraryCode/include_juce_audio_processors.mm; sourceTree = SOURCE_ROOT; };
		A6EC2BC2B40C837D93B251BB /* MidiDeviceComponent.h */ = {isa = PBXFileReference; lastKnownFileType = sourcecode.c.h; name = MidiDeviceComponent.h; path = ../../Source/MidiDeviceComponent.h; sourceTree = SOURCE_ROOT; };
		A7D51DA4FAC7916144DC9C37 /* PluginEditor.h */ = {isa = PBXFileReference; lastKnownFileType = sourcecode.c.h; name = PluginEditor.h; path = ../../Source/PluginEditor.h; sourceTree = SOURCE_ROOT; };
		A9A1766E8BB177B79C50AE1F /* UwynLookAndFeel.h */ = {isa = PBXFileReference; lastKnownFileType = sourcecode.c.h; name = UwynLookAndFeel.h; path = ../../Source/UwynLookAndFeel.h; sourceTree = SOURCE_ROOT; };
		A9B7C49820B6A87EA4DDB498 /* include_juce_audio_utils.mm */ = {isa = PBXFileReference; lastKnownFileType = sourcecode.cpp.objcpp; name = include_juce_audio_utils.mm; path = ../../JuceLibraryCode/include_juce_audio_utils.mm; sourceTree = SOURCE_ROOT; };
		A9DE540E8FB3BA18341A110B /* PluginSettings.cpp */ = {isa = PBXFileReference; lastKnownFileType = sourcecode.cpp.cpp; name = PluginSettings.cpp; path = ../../Source/PluginSettings.cpp; sourceTree = SOURCE_ROOT; };
		ADE94E7D50890D80709CA60D /* JetBrainsMono-SemiBoldItalic.ttf */ = {isa = PBXFileReference; lastKnownFileType = file.ttf; name = "JetBrainsMono-SemiBoldItalic.ttf"; path = "../../Fonts/JetBrainsMono-SemiBoldItalic.ttf"; sourceTree = SOURCE_ROOT; };
		ADFC4D4C01DA373375788BEB /* Icon.icns */ = {isa = PBXFileReference; lastKnownFileType = file.icns; path = Icon.icns; sourceTree = SOURCE_ROOT; };
		AEC15CFC452928D6467CBE0A /* UserNotifications.framework */ = {isa = PBXFileReference; lastKnownFileType = wrapper.framework; name = UserNotifications.framework; path = System/Library/Frameworks/UserNotifications.framework; sourceTree = SDKROOT; };
		B115D12C99CF013E5E832275 /* expanded.svg */ = {isa = PBXFileReference; lastKnownFileType = file.svg; name = expanded.svg; path = ../../Assets/expanded.svg; sourceTree = SOURCE_ROOT; };
		B14489F06D2BD531D0FFF376 /* MetalKit.framework */ = {isa = PBXFileReference; lastKnownFileType = wrapper.framework; name = MetalKit.framework; path = System/Library/Frameworks/MetalKit.framework; sourceTree = SDKROOT; };
		B29AD572554995864888DF39 /* Accelerate.framework */ = {isa = PBXFileReference; lastKnownFileType = wrapper.framework; name = Accelerate.framework; path = System/Library/Frameworks/Accelerate.framework; sourceTree = SDKROOT; };
		B4130BDAEE02831DBC6CE268 /* ShowMidiApplication.h */ = {isa = PBXFileReference; lastKnownFileType = sourcecode.c.h; name = ShowMidiApplication.h; path = ../../Source/ShowMidiApplication.h; sourceTree = SOURCE_ROOT; };
		B422824DB8787454029C457F /* UIKit.framework */ = {isa = PBXFileReference; lastKnownFileType = wrapper.framework; name = UIKit.framework; path = System/Library/Frameworks/UIKit.framework; sourceTree = SDKROOT; };
		BB0B90FF903B2C484336242E /* MidiDevicesListener.h */ = {isa = PBXFileReference; lastKnownFileType = sourcecode.c.h; name = MidiDevicesListener.h; path = ../../Source/MidiDevicesListener.h; sourceTree = SOURCE_ROOT; };
		C38DAA745C7DE61B6AFE626D /* BinaryData.cpp */ = {isa = PBXFileReference; lastKnownFileType = sourcecode.cpp.cpp; name = BinaryData.cpp; path = ../../JuceLibraryCode/BinaryData.cpp; sourceTree = SOURCE_ROOT; };
		C40166D6CB6EE518229C4CB6 /* juce_audio_utils */ = {isa = PBXFileReference; lastKnownFileType = folder; name = juce_audio_utils; path = ../../JUCE/modules/juce_audio_utils; sourceTree = SOURCE_ROOT; };
		C5DF18C9C40125F16925A9B1 /* JetBrainsMono-Regular.ttf */ = {isa = PBXFileReference; lastKnownFileType = file.ttf; name = "JetBrainsMono-Regular.ttf"; path = "../../Fonts/JetBrainsMono-Regular.ttf"; sourceTree = SOURCE_ROOT; };
		C65EAADCDD6D19C300AA9A1C /* juce_events */ = {isa = PBXFileReference; lastKnownFileType = folder; name = juce_events; path = ../../JUCE/modules/juce_events; sourceTree = SOURCE_ROOT; };
		C8040D5610A26310CBE10C1F /* juce_audio_basics */ = {isa = PBXFileReference; lastKnownFileType = folder; name = juce_audio_basics; path = ../../JUCE/modules/juce_audio_basics; sourceTree = SOURCE_ROOT; };
		CC0CB51C951EC22BC3619CA3 /* help.svg */ = {isa = PBXFileReference; lastKnownFileType = file.svg; name = help.svg; path = ../../Assets/help.svg; sourceTree = SOURCE_ROOT; };
		CED23DF6C8819A2B22F204F5 /* MainLayoutComponent.h */ = {isa = PBXFileReference; lastKnownFileType = sourcecode.c.h; name = MainLayoutComponent.h; path = ../../Source/MainLayoutComponent.h; sourceTree = SOURCE_ROOT; };
		D37BC26585486939C17BB1A9 /* include_juce_audio_basics.mm */ = {isa = PBXFileReference; lastKnownFileType = sourcecode.cpp.objcpp; name = include_juce_audio_basics.mm; path = ../../JuceLibraryCode/include_juce_audio_basics.mm; sourceTree = SOURCE_ROOT; };
		D443EB07355FF2F422FE3CBA /* SidebarComponent.cpp */ = {isa = PBXFileReference; lastKnownFileType = sourcecode.cpp.cpp; name = SidebarComponent.cpp; path = ../../Source/SidebarComponent.cpp; sourceTree = SOURCE_ROOT; };
		D6879283EC09AA73EFF6A618 /* include_juce_events.mm */ = {isa = PBXFileReference; lastKnownFileType = sourcecode.cpp.objcpp; name = include_juce_events.mm; path = ../../JuceLibraryCode/include_juce_events.mm; sourceTree = SOURCE_ROOT; };
		D6A712039451004DDBF1B630 /* juce_gui_basics */ = {isa = PBXFileReference; lastKnownFileType = folder; name = juce_gui_basics; path = ../../JUCE/modules/juce_gui_basics; sourceTree = SOURCE_ROOT; };
		D7FA88F4A6B12D91E3D015FA /* ShowMidiApplication.cpp */ = {isa = PBXFileReference; lastKnownFileType = sourcecode.cpp.cpp; name = ShowMidiApplication.cpp; path = ../../Source/ShowMidiApplication.cpp; sourceTree = SOURCE_ROOT; };
		D836C4B412BD0316C8041F6C /* CoreAudioKit.framework */ = {isa = PBXFileReference; lastKnownFileType = wrapper.framework; name = CoreAudioKit.framework; path = System/Library/Frameworks/CoreAudioKit.framework; sourceTree = SDKROOT; };
		D8C228AC03A494A8D96BE842 /* MainLayoutComponent.cpp */ = {isa = PBXFileReference; lastKnownFileType = sourcecode.cpp.cpp; name = MainLayoutComponent.cpp; path = ../../Source/MainLayoutComponent.cpp; sourceTree = SOURCE_ROOT; };
		DE4481E7DEEF4C83EF0CB6A4 /* SidebarComponent.h */ = {isa = PBXFileReference; lastKnownFileType = sourcecode.c.h; name = SidebarComponent.h; path = ../../Source/SidebarComponent.h; sourceTree = SOURCE_ROOT; };
		E071CD1AE979F36DF9BCBCCF /* PaintedButton.cpp */ = {isa = PBXFileReference; lastKnownFileType = sourcecode.cpp.cpp; name = PaintedButton.cpp; path = ../../Source/PaintedButton.cpp; sourceTree = SOURCE_ROOT; };
		E1DF7D86C0AB1CF7A4E052C5 /* CoreImage.framework */ = {isa = PBXFileReference; lastKnownFileType = wrapper.framework; name = CoreImage.framework; path = System/Library/Frameworks/CoreImage.framework; sourceTree = SDKROOT; };
		E347DB9365EFCC321B732D33 /* ShowMIDI.app */ = {isa = PBXFileReference; explicitFileType = wrapper.application; includeInIndex = 0; path = ShowMIDI.app; sourceTree = BUILT_PRODUCTS_DIR; };
		E9709AF951C28033427F76C6 /* include_juce_gui_basics.mm */ = {isa = PBXFileReference; lastKnownFileType = sourcecode.cpp.objcpp; name = include_juce_gui_basics.mm; path = ../../JuceLibraryCode/include_juce_gui_basics.mm; sourceTree = SOURCE_ROOT; };
		EB50501ACBFD373CF21296E5 /* JuceHeader.h */ = {isa = PBXFileReference; lastKnownFileType = sourcecode.c.h; name = JuceHeader.h; path = ../../JuceLibraryCode/JuceHeader.h; sourceTree = SOURCE_ROOT; };
		EDEC10EA37F7981EB3DCF23E /* juce_gui_extra */ = {isa = PBXFileReference; lastKnownFileType = folder; name = juce_gui_extra; path = ../../JUCE/modules/juce_gui_extra; sourceTree = SOURCE_ROOT; };
		F0823A50303AB62A3DC1CF36 /* include_juce_graphics.mm */ = {isa = PBXFileReference; lastKnownFileType = sourcecode.cpp.objcpp; name = include_juce_graphics.mm; path = ../../JuceLibraryCode/include_juce_graphics.mm; sourceTree = SOURCE_ROOT; };
		F111182164CCAFBE6F456150 /* StandaloneDevicesComponent.h */ = {isa = PBXFileReference; lastKnownFileType = sourcecode.c.h; name = StandaloneDevicesComponent.h; path = ../../Source/StandaloneDevicesComponent.h; sourceTree = SOURCE_ROOT; };
		F3350340A2A48DC2084FBD90 /* QuartzCore.framework */ = {isa = PBXFileReference; lastKnownFileType = wrapper.framework; name = QuartzCore.framework; path = System/Library/Frameworks/QuartzCore.framework; sourceTree = SDKROOT; };
		F4CC38ABC3BF4DF99B4AEB8B /* CoreServices.framework */ = {isa = PBXFileReference; lastKnownFileType = wrapper.framework; name = CoreServices.framework; path = System/Library/Frameworks/CoreServices.framework; sourceTree = SDKROOT; };
		F510F4D6670ABB994871EC11 /* AVFoundation.framework */ = {isa = PBXFileReference; lastKnownFileType = wrapper.framework; name = AVFoundation.framework; path = System/Library/Frameworks/AVFoundation.framework; sourceTree = SDKROOT; };
		F799A4A8E205B61277558E4A /* Theme.h */ = {isa = PBXFileReference; lastKnownFileType = sourcecode.c.h; name = Theme.h; path = ../../Source/Theme.h; sourceTree = SOURCE_ROOT; };
		FC5E3D4401B6EC67E2B8F72A /* CoreGraphics.framework */ = {isa = PBXFileReference; lastKnownFileType = wrapper.framework; name = CoreGraphics.framework; path = System/Library/Frameworks/CoreGraphics.framework; sourceTree = SDKROOT; };
		FDB11BB7D46CFB537BD77891 /* include_juce_audio_plugin_client_ARA.cpp */ = {isa = PBXFileReference; lastKnownFileType = sourcecode.cpp.cpp; name = include_juce_audio_plugin_client_ARA.cpp; path = ../../JuceLibraryCode/include_juce_audio_plugin_client_ARA.cpp; sourceTree = SOURCE_ROOT; };
		FFA7C2D0F339BAD04C81CC73 /* PortListComponent.h */ = {isa = PBXFileReference; lastKnownFileType = sourcecode.c.h; name = PortListComponent.h; path = ../../Source/PortListComponent.h; sourceTree = SOURCE_ROOT; };
/* End PBXFileReference section */

/* Begin PBXFrameworksBuildPhase section */
		288C2267CA25FF7DD369A50F /* Frameworks */ = {
			isa = PBXFrameworksBuildPhase;
			buildActionMask = 2147483647;
			files = (
				1A6345A42B0B251C2F9EFB58 /* Accelerate.framework in Frameworks */,
				8D65268047C04AB47CA72AB2 /* AudioToolbox.framework in Frameworks */,
				7F650D414C30A326AC845F7B /* AVFoundation.framework in Frameworks */,
				8A7D3D28E13F8FDC1822A9AF /* CoreAudio.framework in Frameworks */,
				E41A5EC6AAC70E19B4327840 /* CoreAudioKit.framework in Frameworks */,
				B6088241F34A646B3124200D /* CoreGraphics.framework in Frameworks */,
				B2CA45071B7F2A42F6ED4CBE /* CoreImage.framework in Frameworks */,
				249CE4640C712BC1782DCB5D /* CoreMIDI.framework in Frameworks */,
				5BC5B828E566A7F646B29C61 /* CoreServices.framework in Frameworks */,
				23E1171E72B049B4ADD874FC /* CoreText.framework in Frameworks */,
				229F83467C59FB55E505CD5E /* Foundation.framework in Frameworks */,
				1B94A63C6E60F8CAAD9E41C9 /* QuartzCore.framework in Frameworks */,
				63D741B6640E608A0F5DBBC3 /* UIKit.framework in Frameworks */,
				AC28EC40C013E7EAAFB784DE /* WebKit.framework in Frameworks */,
				D655D2371FA9FE4CF61AB094 /* Metal.framework in Frameworks */,
				489E608DB817050A5D5D3162 /* MetalKit.framework in Frameworks */,
				3756B71F35763F40D8418F1C /* UserNotifications.framework in Frameworks */,
			);
			runOnlyForDeploymentPostprocessing = 0;
		};
		C47BF8E5CE3891FB609CFF2E /* Frameworks */ = {
			isa = PBXFrameworksBuildPhase;
			buildActionMask = 2147483647;
			files = (
				26D9E72B2B09D1EC004A66B4 /* Accelerate.framework in Frameworks */,
				26D9E72C2B09D1EC004A66B4 /* AudioToolbox.framework in Frameworks */,
				26D9E72D2B09D1EC004A66B4 /* AVFoundation.framework in Frameworks */,
				26D9E72E2B09D1EC004A66B4 /* CoreAudio.framework in Frameworks */,
				26D9E72F2B09D1EC004A66B4 /* CoreAudioKit.framework in Frameworks */,
				26D9E7302B09D1EC004A66B4 /* CoreGraphics.framework in Frameworks */,
				26D9E7312B09D1EC004A66B4 /* CoreImage.framework in Frameworks */,
				26D9E7322B09D1EC004A66B4 /* CoreMIDI.framework in Frameworks */,
				26D9E7332B09D1EC004A66B4 /* CoreServices.framework in Frameworks */,
				26D9E7342B09D1EC004A66B4 /* CoreText.framework in Frameworks */,
				26D9E7352B09D1EC004A66B4 /* Foundation.framework in Frameworks */,
				26D9E7362B09D1EC004A66B4 /* QuartzCore.framework in Frameworks */,
				26D9E7372B09D1EC004A66B4 /* UIKit.framework in Frameworks */,
				26D9E7382B09D1EC004A66B4 /* WebKit.framework in Frameworks */,
				26D9E7392B09D1EC004A66B4 /* Metal.framework in Frameworks */,
				26D9E73A2B09D1EC004A66B4 /* MetalKit.framework in Frameworks */,
				26D9E73B2B09D1EC004A66B4 /* UserNotifications.framework in Frameworks */,
			);
			runOnlyForDeploymentPostprocessing = 0;
		};
/* End PBXFrameworksBuildPhase section */

/* Begin PBXGroup section */
		5E586F2DDFAD4A188DEA9039 /* ShowMIDI */ = {
			isa = PBXGroup;
			children = (
				EB21C47AF1DF9D221BA31E3F /* Assets */,
				82812218DE15F11217A16E58 /* Fonts */,
				D2B48182DCDC4E3CAFC2C24A /* Source */,
			);
			name = ShowMIDI;
			sourceTree = "<group>";
		};
		67BF622F4E830DE7C469111D /* Source */ = {
			isa = PBXGroup;
			children = (
				5E586F2DDFAD4A188DEA9039 /* ShowMIDI */,
				F0CD91FF276B3B0E1E1D8C18 /* JUCE Modules */,
				C59C9D9EE3F8349E2FAA9551 /* JUCE Library Code */,
				7C0B53331EC719EBF7564BA9 /* Resources */,
				94DF986EF8145CE746CB9233 /* Frameworks */,
				7AFD27632EA08617D51B00AF /* Products */,
			);
			name = Source;
			sourceTree = "<group>";
		};
		7AFD27632EA08617D51B00AF /* Products */ = {
			isa = PBXGroup;
			children = (
				18E89D52FCDF34385983843E /* ShowMIDI.appex */,
				E347DB9365EFCC321B732D33 /* ShowMIDI.app */,
				769B7E29896F9663B5117831 /* libShowMIDI.a */,
			);
			name = Products;
			sourceTree = "<group>";
		};
		7C0B53331EC719EBF7564BA9 /* Resources */ = {
			isa = PBXGroup;
			children = (
				2BAD118D5E37BE0B29056893 /* Info-AUv3_AppExtension.plist */,
				6D931ECF33778E1C1138B74D /* Info-Standalone_Plugin.plist */,
				1C6731403A5CDD50BA00A1BF /* Images.xcassets */,
				368620EE5E8BA7D5569096BC /* LaunchScreen.storyboard */,
				ADFC4D4C01DA373375788BEB /* Icon.icns */,
			);
			name = Resources;
			sourceTree = "<group>";
		};
		82812218DE15F11217A16E58 /* Fonts */ = {
			isa = PBXGroup;
			children = (
				174103AD3F224D30061D8C33 /* JetBrainsMono-Italic.ttf */,
				C5DF18C9C40125F16925A9B1 /* JetBrainsMono-Regular.ttf */,
				2F0DF01345C74A9223A8FD7E /* JetBrainsMono-SemiBold.ttf */,
				ADE94E7D50890D80709CA60D /* JetBrainsMono-SemiBoldItalic.ttf */,
			);
			name = Fonts;
			sourceTree = "<group>";
		};
		94DF986EF8145CE746CB9233 /* Frameworks */ = {
			isa = PBXGroup;
			children = (
				B29AD572554995864888DF39 /* Accelerate.framework */,
				04B573B9A4233581640FCE37 /* AudioToolbox.framework */,
				F510F4D6670ABB994871EC11 /* AVFoundation.framework */,
				27ECFCD7203995ED4729E23E /* CoreAudio.framework */,
				D836C4B412BD0316C8041F6C /* CoreAudioKit.framework */,
				FC5E3D4401B6EC67E2B8F72A /* CoreGraphics.framework */,
				E1DF7D86C0AB1CF7A4E052C5 /* CoreImage.framework */,
				17ACFE7C6558A3BFE6DE79C9 /* CoreMIDI.framework */,
				F4CC38ABC3BF4DF99B4AEB8B /* CoreServices.framework */,
				71BF28036E56EFF57C6F04FF /* CoreText.framework */,
				6B3C4CF0B1689E7148204025 /* Foundation.framework */,
				F3350340A2A48DC2084FBD90 /* QuartzCore.framework */,
				B422824DB8787454029C457F /* UIKit.framework */,
				7044C8187C93F03ACA494C1E /* WebKit.framework */,
				8D2448D40030D125D995FF67 /* Metal.framework */,
				B14489F06D2BD531D0FFF376 /* MetalKit.framework */,
				AEC15CFC452928D6467CBE0A /* UserNotifications.framework */,
			);
			name = Frameworks;
			sourceTree = "<group>";
		};
		C59C9D9EE3F8349E2FAA9551 /* JUCE Library Code */ = {
			isa = PBXGroup;
			children = (
				643B5F105EE95C3831C1513D /* AppConfig.h */,
				C38DAA745C7DE61B6AFE626D /* BinaryData.cpp */,
				26B32E7A0B7D819DE0C5E48C /* BinaryData.h */,
				D37BC26585486939C17BB1A9 /* include_juce_audio_basics.mm */,
				360F084DCC1FFB986575FC0B /* include_juce_audio_devices.mm */,
				701B09DB73C2B2CAEB125133 /* include_juce_audio_formats.mm */,
				FDB11BB7D46CFB537BD77891 /* include_juce_audio_plugin_client_ARA.cpp */,
				71D389B4B47E269F6BCDF779 /* include_juce_audio_plugin_client_AUv3.mm */,
				84B181AE7A602CF26F9C4158 /* include_juce_audio_plugin_client_Standalone.cpp */,
				9C19881D8BF4AD54F23350A1 /* include_juce_audio_processors.mm */,
				2DBBE0BDEA350843E5CBE837 /* include_juce_audio_processors_ara.cpp */,
				372E247AE8EA1DCC2438C0C3 /* include_juce_audio_processors_lv2_libs.cpp */,
				A9B7C49820B6A87EA4DDB498 /* include_juce_audio_utils.mm */,
				2C4A1E8364601AAA7BEC47D3 /* include_juce_core.mm */,
				3F0D10A7839AE2AA878473A4 /* include_juce_data_structures.mm */,
				D6879283EC09AA73EFF6A618 /* include_juce_events.mm */,
				F0823A50303AB62A3DC1CF36 /* include_juce_graphics.mm */,
				E9709AF951C28033427F76C6 /* include_juce_gui_basics.mm */,
				4F7F78F0807149D173DA0F17 /* include_juce_gui_extra.mm */,
				EB50501ACBFD373CF21296E5 /* JuceHeader.h */,
				9A2BC4DA5BB07ED9989A954E /* JuceLV2Defines.h */,
				1152C1391B39202DBB86C3B9 /* JucePluginDefines.h */,
			);
			name = "JUCE Library Code";
			sourceTree = "<group>";
		};
		D2B48182DCDC4E3CAFC2C24A /* Source */ = {
			isa = PBXGroup;
			children = (
				80ABD3BDC42C5FE92F7FE42C /* AboutComponent.cpp */,
				32ACC42799D05A35370A20A4 /* AboutComponent.h */,
				42FD542643C45D2C5A9A1A35 /* ChannelState.h */,
				60D631FC0F78AC6C198E73A8 /* Main.cpp */,
				D8C228AC03A494A8D96BE842 /* MainLayoutComponent.cpp */,
				CED23DF6C8819A2B22F204F5 /* MainLayoutComponent.h */,
				4103274634C632287BD3388D /* MidiDeviceComponent.cpp */,
				A6EC2BC2B40C837D93B251BB /* MidiDeviceComponent.h */,
				79964C8DCCC8635EB86C5470 /* MidiDeviceInfoComparator.h */,
				522F4183B107213ABBA95E54 /* MidiDevicesListener.cpp */,
				BB0B90FF903B2C484336242E /* MidiDevicesListener.h */,
				E071CD1AE979F36DF9BCBCCF /* PaintedButton.cpp */,
				88AAC6E05E409AD97864C094 /* PaintedButton.h */,
				1E8AF652B5355FF40C9CC3C2 /* PauseManager.h */,
				5E8212E205DE721CE55589C7 /* PluginEditor.cpp */,
				A7D51DA4FAC7916144DC9C37 /* PluginEditor.h */,
				2343ECC7F67FA6AD9E72214D /* PluginProcessor.cpp */,
				4C9A95265A0E0902C0045742 /* PluginProcessor.h */,
				A9DE540E8FB3BA18341A110B /* PluginSettings.cpp */,
				74BF7243F4B5A5C89B85AE55 /* PluginSettings.h */,
				29CF9CBC7CEAEDD1078E3043 /* PopupColourSelector.cpp */,
				6D77D2AB326BCCADE9CE1367 /* PopupColourSelector.h */,
				3A5AAF56DB59B890D6C10E36 /* PortListComponent.cpp */,
				FFA7C2D0F339BAD04C81CC73 /* PortListComponent.h */,
				8EEF02F4B9640EBAC9C1B340 /* PropertiesSettings.cpp */,
				7C75A0F1DB0EDE6AD443D6B2 /* PropertiesSettings.h */,
				76626B38FEC33CD26C14D909 /* Settings.h */,
				541028D9F36EB1F495DCE2A4 /* SettingsComponent.cpp */,
				3E9019794FA6C7E7AF818E39 /* SettingsComponent.h */,
				656E427836DF54D372F75761 /* SettingsManager.h */,
				D7FA88F4A6B12D91E3D015FA /* ShowMidiApplication.cpp */,
				B4130BDAEE02831DBC6CE268 /* ShowMidiApplication.h */,
				D443EB07355FF2F422FE3CBA /* SidebarComponent.cpp */,
				DE4481E7DEEF4C83EF0CB6A4 /* SidebarComponent.h */,
				031AE9228EBD95C338AB3D48 /* StandaloneDevicesComponent.cpp */,
				F111182164CCAFBE6F456150 /* StandaloneDevicesComponent.h */,
				000EE2EE2449DE5643E24358 /* StandaloneWindow.cpp */,
				226AF0455917BA09A7EFD367 /* StandaloneWindow.h */,
				3BFBD5BE9998618A28B34775 /* Theme.cpp */,
				F799A4A8E205B61277558E4A /* Theme.h */,
				2C52E4AAA54DA857A279031C /* UwynLookAndFeel.cpp */,
				A9A1766E8BB177B79C50AE1F /* UwynLookAndFeel.h */,
			);
			name = Source;
			sourceTree = "<group>";
		};
		EB21C47AF1DF9D221BA31E3F /* Assets */ = {
			isa = PBXGroup;
			children = (
				6942622DD840B2BD0E5810BC /* appicon-ios.png */,
				3149C8B2F0D4F13D1598BD0B /* appicon.png */,
				8B4BBB72CD42AFE31F80F07A /* collapsed.svg */,
				B115D12C99CF013E5E832275 /* expanded.svg */,
				CC0CB51C951EC22BC3619CA3 /* help.svg */,
				26BF73BC8B167B724EDDA4EA /* hidden.svg */,
				5C0EBCDDFA797BE0FCCA8763 /* settings.svg */,
				0894206EE398F6A05B9AD091 /* visible.svg */,
			);
			name = Assets;
			sourceTree = "<group>";
		};
		F0CD91FF276B3B0E1E1D8C18 /* JUCE Modules */ = {
			isa = PBXGroup;
			children = (
				C8040D5610A26310CBE10C1F /* juce_audio_basics */,
				2E55A32370FE1B59607DC4EE /* juce_audio_devices */,
				001D7A7EB2B1663EDF01F183 /* juce_audio_formats */,
				498A30EF336DA83436EF82AA /* juce_audio_plugin_client */,
				4087F6C35D5E598616C584CC /* juce_audio_processors */,
				C40166D6CB6EE518229C4CB6 /* juce_audio_utils */,
				1BE35E6D3AE7201579824F93 /* juce_core */,
				93CD70970B7171379643BDD4 /* juce_data_structures */,
				C65EAADCDD6D19C300AA9A1C /* juce_events */,
				3D3044A570415BC72E611C0F /* juce_graphics */,
				D6A712039451004DDBF1B630 /* juce_gui_basics */,
				EDEC10EA37F7981EB3DCF23E /* juce_gui_extra */,
			);
			name = "JUCE Modules";
			sourceTree = "<group>";
		};
/* End PBXGroup section */

/* Begin PBXNativeTarget section */
		084392EE76BCAA7AE36C8A8A /* ShowMIDI - Standalone Plugin */ = {
			isa = PBXNativeTarget;
			buildConfigurationList = D7167606A72C760845FBE11E /* Build configuration list for PBXNativeTarget "ShowMIDI - Standalone Plugin" */;
			buildPhases = (
				CF96D6B8DF6E7E8B1978ACAD /* Resources */,
				DBC363A21EA1AA33BFC8F1CF /* Sources */,
				C47BF8E5CE3891FB609CFF2E /* Frameworks */,
				DB8D825ED3339CFE22077761 /* Embed App Extensions */,
			);
			buildRules = (
			);
			dependencies = (
				96CB7DB0D04B918E54FAA560 /* PBXTargetDependency */,
				6CC888CD4ED8D330A87A6EAA /* PBXTargetDependency */,
			);
			name = "ShowMIDI - Standalone Plugin";
			productName = ShowMIDI;
			productReference = E347DB9365EFCC321B732D33 /* ShowMIDI.app */;
			productType = "com.apple.product-type.application";
		};
		7125515049431B9D98C2913F /* ShowMIDI - AUv3 AppExtension */ = {
			isa = PBXNativeTarget;
			buildConfigurationList = 392015D3B338797D72DEA314 /* Build configuration list for PBXNativeTarget "ShowMIDI - AUv3 AppExtension" */;
			buildPhases = (
				E2129D314CFD36DAA2BBF646 /* Resources */,
				B921166C1086266FDB5086B0 /* Sources */,
				288C2267CA25FF7DD369A50F /* Frameworks */,
			);
			buildRules = (
			);
			dependencies = (
				AD39E197DBB07B5C140FF18D /* PBXTargetDependency */,
			);
			name = "ShowMIDI - AUv3 AppExtension";
			productName = ShowMIDI;
			productReference = 18E89D52FCDF34385983843E /* ShowMIDI.appex */;
			productType = "com.apple.product-type.app-extension";
		};
		E3743413C65D78F1C4BC31EA /* ShowMIDI - Shared Code */ = {
			isa = PBXNativeTarget;
			buildConfigurationList = 204B42CE7138B62FC94F1E6A /* Build configuration list for PBXNativeTarget "ShowMIDI - Shared Code" */;
			buildPhases = (
				DE4356F59D3F807E1843491D /* Sources */,
			);
			buildRules = (
			);
			dependencies = (
			);
			name = "ShowMIDI - Shared Code";
			productName = ShowMIDI;
			productReference = 769B7E29896F9663B5117831 /* libShowMIDI.a */;
			productType = "com.apple.product-type.library.static";
		};
/* End PBXNativeTarget section */

/* Begin PBXProject section */
		59C1E84DE320FBAD9D225753 /* Project object */ = {
			isa = PBXProject;
			attributes = {
				LastUpgradeCheck = 1340;
				ORGANIZATIONNAME = Uwyn;
				TargetAttributes = {
					084392EE76BCAA7AE36C8A8A = {
						DevelopmentTeam = AGZT8GVS7G;
						ProvisioningStyle = Automatic;
						SystemCapabilities = {
							com.apple.ApplicationGroups.iOS = {
								enabled = 1;
							};
							com.apple.HardenedRuntime = {
								enabled = 0;
							};
							com.apple.InAppPurchase = {
								enabled = 0;
							};
							com.apple.InterAppAudio = {
								enabled = 0;
							};
							com.apple.Push = {
								enabled = 0;
							};
							com.apple.Sandbox = {
								enabled = 0;
							};
							com.apple.com.apple.iCloud = {
								enabled = 1;
							};
						};
					};
					7125515049431B9D98C2913F = {
						DevelopmentTeam = AGZT8GVS7G;
						ProvisioningStyle = Automatic;
						SystemCapabilities = {
							com.apple.ApplicationGroups.iOS = {
								enabled = 1;
							};
							com.apple.HardenedRuntime = {
								enabled = 0;
							};
							com.apple.InAppPurchase = {
								enabled = 0;
							};
							com.apple.InterAppAudio = {
								enabled = 0;
							};
							com.apple.Push = {
								enabled = 0;
							};
							com.apple.Sandbox = {
								enabled = 1;
							};
							com.apple.com.apple.iCloud = {
								enabled = 1;
							};
						};
					};
					8D4550665620D436C7E8B433 = {
						DevelopmentTeam = AGZT8GVS7G;
						ProvisioningStyle = Automatic;
						SystemCapabilities = {
							com.apple.ApplicationGroups.iOS = {
								enabled = 1;
							};
							com.apple.HardenedRuntime = {
								enabled = 0;
							};
							com.apple.InAppPurchase = {
								enabled = 0;
							};
							com.apple.InterAppAudio = {
								enabled = 0;
							};
							com.apple.Push = {
								enabled = 0;
							};
							com.apple.Sandbox = {
								enabled = 0;
							};
							com.apple.com.apple.iCloud = {
								enabled = 1;
							};
						};
					};
					E3743413C65D78F1C4BC31EA = {
						DevelopmentTeam = AGZT8GVS7G;
						ProvisioningStyle = Automatic;
						SystemCapabilities = {
							com.apple.ApplicationGroups.iOS = {
								enabled = 1;
							};
							com.apple.HardenedRuntime = {
								enabled = 0;
							};
							com.apple.InAppPurchase = {
								enabled = 0;
							};
							com.apple.InterAppAudio = {
								enabled = 0;
							};
							com.apple.Push = {
								enabled = 0;
							};
							com.apple.Sandbox = {
								enabled = 0;
							};
							com.apple.com.apple.iCloud = {
								enabled = 1;
							};
						};
					};
				};
			};
			buildConfigurationList = C18AB6C70C292DE4CAD7CEBE /* Build configuration list for PBXProject "ShowMIDI" */;
			compatibilityVersion = "Xcode 3.2";
			developmentRegion = en;
			hasScannedForEncodings = 0;
			knownRegions = (
				en,
				Base,
			);
			mainGroup = 67BF622F4E830DE7C469111D /* Source */;
			projectDirPath = "";
			projectRoot = "";
			targets = (
				8D4550665620D436C7E8B433 /* ShowMIDI - All */,
				7125515049431B9D98C2913F /* ShowMIDI - AUv3 AppExtension */,
				084392EE76BCAA7AE36C8A8A /* ShowMIDI - Standalone Plugin */,
				E3743413C65D78F1C4BC31EA /* ShowMIDI - Shared Code */,
			);
		};
/* End PBXProject section */

/* Begin PBXResourcesBuildPhase section */
		CF96D6B8DF6E7E8B1978ACAD /* Resources */ = {
			isa = PBXResourcesBuildPhase;
			buildActionMask = 2147483647;
			files = (
				26D9E7282B09D1EC004A66B4 /* Images.xcassets in Resources */,
				26D9E7292B09D1EC004A66B4 /* LaunchScreen.storyboard in Resources */,
				26D9E72A2B09D1EC004A66B4 /* Icon.icns in Resources */,
			);
			runOnlyForDeploymentPostprocessing = 0;
		};
		E2129D314CFD36DAA2BBF646 /* Resources */ = {
			isa = PBXResourcesBuildPhase;
			buildActionMask = 2147483647;
			files = (
				4E05314F084EC2ACBAE987AC /* Images.xcassets in Resources */,
				BFE044EA57079FC6BB936520 /* LaunchScreen.storyboard in Resources */,
				B438451537D48B85DC57EE1E /* Icon.icns in Resources */,
			);
			runOnlyForDeploymentPostprocessing = 0;
		};
/* End PBXResourcesBuildPhase section */

/* Begin PBXSourcesBuildPhase section */
		B921166C1086266FDB5086B0 /* Sources */ = {
			isa = PBXSourcesBuildPhase;
			buildActionMask = 2147483647;
			files = (
				712D7573805649AE18AE3A5A /* include_juce_audio_plugin_client_AUv3.mm in Sources */,
			);
			runOnlyForDeploymentPostprocessing = 0;
		};
		DBC363A21EA1AA33BFC8F1CF /* Sources */ = {
			isa = PBXSourcesBuildPhase;
			buildActionMask = 2147483647;
			files = (
				685FBF167055939EFF0BC772 /* include_juce_audio_plugin_client_Standalone.cpp in Sources */,
			);
			runOnlyForDeploymentPostprocessing = 0;
		};
		DE4356F59D3F807E1843491D /* Sources */ = {
			isa = PBXSourcesBuildPhase;
			buildActionMask = 2147483647;
			files = (
				49275756321FDB8F7DC25D31 /* AboutComponent.cpp in Sources */,
				E6BDA9C4B95D6F31D96F1438 /* Main.cpp in Sources */,
				B1967F966631AED4C407CA3C /* MainLayoutComponent.cpp in Sources */,
				74A90D33B60D692AC29558AE /* MidiDeviceComponent.cpp in Sources */,
				2BE136F9771FD33F0C7A6703 /* MidiDevicesListener.cpp in Sources */,
				0E37862E84E50AAAF3B36BFF /* PaintedButton.cpp in Sources */,
				69B90CBB6BB21353587D2A97 /* PluginEditor.cpp in Sources */,
				D782D07214CD0BF4CAEBDD92 /* PluginProcessor.cpp in Sources */,
				EA3EC9247A3B0EDFBE548619 /* PluginSettings.cpp in Sources */,
				F5781FB5579CABE9AB4B0E3F /* PopupColourSelector.cpp in Sources */,
				9DCB056E1D3338694E39AC79 /* PortListComponent.cpp in Sources */,
				353E878E2C4866F8F792ABB8 /* PropertiesSettings.cpp in Sources */,
				FB06D6A6352BFA17ACE5F06A /* SettingsComponent.cpp in Sources */,
				18BC972C6047CC27A142C2B8 /* ShowMidiApplication.cpp in Sources */,
				D15701538FF51592C7A4571C /* SidebarComponent.cpp in Sources */,
				7D4A2F5E55D62DA0F82EFDED /* StandaloneDevicesComponent.cpp in Sources */,
				930F21046AF312901BFB919B /* StandaloneWindow.cpp in Sources */,
				ADAC1E3AC25FA830E7BCABC5 /* Theme.cpp in Sources */,
				1D70697182F531840C93CE15 /* UwynLookAndFeel.cpp in Sources */,
				E82687E6264A1ED71A5100DE /* BinaryData.cpp in Sources */,
				89257B225513F271B67C2D83 /* include_juce_audio_basics.mm in Sources */,
				7D3662134D4D4F29CE66FD36 /* include_juce_audio_devices.mm in Sources */,
				C2FD810ECCF40E9DF8DB3B9B /* include_juce_audio_formats.mm in Sources */,
				4408F5269D7071063662550F /* include_juce_audio_plugin_client_ARA.cpp in Sources */,
				5D5B029DE57BC7B2770A6B2E /* include_juce_audio_processors.mm in Sources */,
				181E4F7E9A37FF1A315C969E /* include_juce_audio_processors_ara.cpp in Sources */,
				72EE5FBBCCCA12C9D90532FB /* include_juce_audio_processors_lv2_libs.cpp in Sources */,
				DC59E80EFE3853979939FEB8 /* include_juce_audio_utils.mm in Sources */,
				0406D44DAD69C5E32184B8D6 /* include_juce_core.mm in Sources */,
				A5C4DD496574040E5EAB6BAA /* include_juce_data_structures.mm in Sources */,
				981E56E3C8A61DD1B81AF8D9 /* include_juce_events.mm in Sources */,
				368701CC81BCD114F89A6FEE /* include_juce_graphics.mm in Sources */,
				C1FD2601A91E6873B440D961 /* include_juce_gui_basics.mm in Sources */,
				A1B4D81E02C5B74676DC58E2 /* include_juce_gui_extra.mm in Sources */,
			);
			runOnlyForDeploymentPostprocessing = 0;
		};
/* End PBXSourcesBuildPhase section */

/* Begin PBXTargetDependency section */
		6CC888CD4ED8D330A87A6EAA /* PBXTargetDependency */ = {
			isa = PBXTargetDependency;
			target = 7125515049431B9D98C2913F /* ShowMIDI - AUv3 AppExtension */;
			targetProxy = 26D9E73E2B09D1EC004A66B4 /* PBXContainerItemProxy */;
		};
		710A39B8816F98A3DC30D2F2 /* PBXTargetDependency */ = {
			isa = PBXTargetDependency;
			target = 7125515049431B9D98C2913F /* ShowMIDI - AUv3 AppExtension */;
			targetProxy = 26D9E73F2B09D1EC004A66B4 /* PBXContainerItemProxy */;
		};
		8B640A7E33475FEDE76673A4 /* PBXTargetDependency */ = {
			isa = PBXTargetDependency;
			target = E3743413C65D78F1C4BC31EA /* ShowMIDI - Shared Code */;
			targetProxy = 26D9E7412B09D1EC004A66B4 /* PBXContainerItemProxy */;
		};
		96CB7DB0D04B918E54FAA560 /* PBXTargetDependency */ = {
			isa = PBXTargetDependency;
			target = E3743413C65D78F1C4BC31EA /* ShowMIDI - Shared Code */;
			targetProxy = 26D9E73D2B09D1EC004A66B4 /* PBXContainerItemProxy */;
		};
		AD39E197DBB07B5C140FF18D /* PBXTargetDependency */ = {
			isa = PBXTargetDependency;
			target = E3743413C65D78F1C4BC31EA /* ShowMIDI - Shared Code */;
			targetProxy = 26D9E73C2B09D1EC004A66B4 /* PBXContainerItemProxy */;
		};
		FCBB6FFF2B8C0FD5E3E5AA78 /* PBXTargetDependency */ = {
			isa = PBXTargetDependency;
			target = 084392EE76BCAA7AE36C8A8A /* ShowMIDI - Standalone Plugin */;
			targetProxy = 26D9E7402B09D1EC004A66B4 /* PBXContainerItemProxy */;
		};
/* End PBXTargetDependency section */

/* Begin XCBuildConfiguration section */
		08D2B499B9C465C90FBEC24F /* Release */ = {
			isa = XCBuildConfiguration;
			buildSettings = {
				ASSETCATALOG_COMPILER_APPICON_NAME = AppIcon;
				CLANG_CXX_LANGUAGE_STANDARD = "c++17";
				CLANG_CXX_LIBRARY = "libc++";
				CLANG_LINK_OBJC_RUNTIME = NO;
				CODE_SIGN_ENTITLEMENTS = Standalone_Plugin.entitlements;
				"CODE_SIGN_IDENTITY[sdk=iphoneos*]" = "iPhone Developer";
				COMBINE_HIDPI_IMAGES = YES;
				CONFIGURATION_BUILD_DIR = "$(PROJECT_DIR)/build/$(CONFIGURATION)";
				DEAD_CODE_STRIPPING = YES;
				DEVELOPMENT_TEAM = AGZT8GVS7G;
				GCC_GENERATE_DEBUGGING_SYMBOLS = NO;
				GCC_OPTIMIZATION_LEVEL = 3;
				GCC_PREPROCESSOR_DEFINITIONS = (
					"_NDEBUG=1",
					"NDEBUG=1",
					"JUCE_CONTENT_SHARING=1",
					"JUCE_USE_CUSTOM_PLUGIN_STANDALONE_APP=1",
					"JUCE_SILENCE_XCODE_15_LINKER_WARNING=1",
					"JUCER_XCODE_IPHONE_5BC26AE3=1",
					"JUCE_APP_VERSION=0.6.1",
					"JUCE_APP_VERSION_HEX=0x601",
					"JucePlugin_Build_VST=0",
					"JucePlugin_Build_VST3=0",
					"JucePlugin_Build_AU=0",
					"JucePlugin_Build_AUv3=0",
					"JucePlugin_Build_AAX=0",
					"JucePlugin_Build_Standalone=1",
					"JucePlugin_Build_Unity=0",
					"JucePlugin_Build_LV2=0",
				);
				GCC_VERSION = com.apple.compilers.llvm.clang.1_0;
				HEADER_SEARCH_PATHS = (
					"$(SRCROOT)/../../JuceLibraryCode",
					"$(SRCROOT)/../../JUCE/modules",
					"$(SRCROOT)/../../JUCE/modules/juce_audio_plugin_client/AU",
					"$(inherited)",
				);
				INFOPLIST_FILE = "Info-Standalone_Plugin.plist";
				INFOPLIST_PREPROCESS = NO;
				LLVM_LTO = YES;
				MTL_HEADER_SEARCH_PATHS = "$(SRCROOT)/../../JuceLibraryCode $(SRCROOT)/../../JUCE/modules $(SRCROOT)/../../JUCE/modules/juce_audio_plugin_client/AU";
				OTHER_LDFLAGS = "-lShowMIDI";
				PRODUCT_BUNDLE_IDENTIFIER = com.uwyn.showmidi;
				PRODUCT_NAME = ShowMIDI;
				PROVISIONING_PROFILE_SPECIFIER = "";
				USE_HEADERMAP = NO;
			};
			name = Release;
		};
		1D14946A79C8262ABA962DB4 /* Debug */ = {
			isa = XCBuildConfiguration;
			buildSettings = {
				ALWAYS_SEARCH_USER_PATHS = NO;
				CLANG_ENABLE_OBJC_WEAK = YES;
				CLANG_WARN_BLOCK_CAPTURE_AUTORELEASING = YES;
				CLANG_WARN_BOOL_CONVERSION = YES;
				CLANG_WARN_COMMA = YES;
				CLANG_WARN_CONSTANT_CONVERSION = YES;
				CLANG_WARN_DEPRECATED_OBJC_IMPLEMENTATIONS = YES;
				CLANG_WARN_EMPTY_BODY = YES;
				CLANG_WARN_ENUM_CONVERSION = YES;
				CLANG_WARN_INFINITE_RECURSION = YES;
				CLANG_WARN_INT_CONVERSION = YES;
				CLANG_WARN_NON_LITERAL_NULL_CONVERSION = YES;
				CLANG_WARN_OBJC_IMPLICIT_RETAIN_SELF = YES;
				CLANG_WARN_OBJC_LITERAL_CONVERSION = YES;
				CLANG_WARN_RANGE_LOOP_ANALYSIS = YES;
				CLANG_WARN_STRICT_PROTOTYPES = YES;
				CLANG_WARN_SUSPICIOUS_MOVE = YES;
				CLANG_WARN_UNREACHABLE_CODE = YES;
				CLANG_WARN__DUPLICATE_METHOD_MATCH = YES;
				"CODE_SIGN_IDENTITY[sdk=iphoneos*]" = "iPhone Developer";
				DEBUG_INFORMATION_FORMAT = dwarf;
				ENABLE_STRICT_OBJC_MSGSEND = YES;
				ENABLE_TESTABILITY = NO;
				GCC_C_LANGUAGE_STANDARD = c11;
				GCC_INLINES_ARE_PRIVATE_EXTERN = YES;
				GCC_MODEL_TUNING = G5;
				GCC_NO_COMMON_BLOCKS = YES;
				GCC_SYMBOLS_PRIVATE_EXTERN = YES;
				GCC_WARN_64_TO_32_BIT_CONVERSION = YES;
				GCC_WARN_ABOUT_RETURN_TYPE = YES;
				GCC_WARN_CHECK_SWITCH_STATEMENTS = YES;
				GCC_WARN_MISSING_PARENTHESES = YES;
				GCC_WARN_NON_VIRTUAL_DESTRUCTOR = YES;
				GCC_WARN_TYPECHECK_CALLS_TO_PRINTF = YES;
				GCC_WARN_UNDECLARED_SELECTOR = YES;
				GCC_WARN_UNINITIALIZED_AUTOS = YES;
				GCC_WARN_UNUSED_FUNCTION = YES;
				GCC_WARN_UNUSED_VARIABLE = YES;
				IPHONEOS_DEPLOYMENT_TARGET = 12.0;
				ONLY_ACTIVE_ARCH = YES;
				PRODUCT_NAME = ShowMIDI;
				SDKROOT = iphoneos;
				TARGETED_DEVICE_FAMILY = "1,2";
				WARNING_CFLAGS = "-Wreorder";
				ZERO_LINK = NO;
			};
			name = Debug;
		};
		4185DDC3276C61F82E0448EA /* Release */ = {
			isa = XCBuildConfiguration;
			buildSettings = {
				ASSETCATALOG_COMPILER_APPICON_NAME = AppIcon;
				CLANG_CXX_LANGUAGE_STANDARD = "c++17";
				CLANG_CXX_LIBRARY = "libc++";
				CLANG_LINK_OBJC_RUNTIME = NO;
				CODE_SIGN_ENTITLEMENTS = AUv3_AppExtension.entitlements;
				"CODE_SIGN_IDENTITY[sdk=iphoneos*]" = "iPhone Developer";
				COMBINE_HIDPI_IMAGES = YES;
				CONFIGURATION_BUILD_DIR = "$(PROJECT_DIR)/build/$(CONFIGURATION)";
				DEAD_CODE_STRIPPING = YES;
				DEVELOPMENT_TEAM = AGZT8GVS7G;
				GCC_GENERATE_DEBUGGING_SYMBOLS = NO;
				GCC_OPTIMIZATION_LEVEL = 3;
				GCC_PREPROCESSOR_DEFINITIONS = (
					"_NDEBUG=1",
					"NDEBUG=1",
					"JUCE_CONTENT_SHARING=1",
					"JUCE_USE_CUSTOM_PLUGIN_STANDALONE_APP=1",
					"JUCE_SILENCE_XCODE_15_LINKER_WARNING=1",
					"JUCER_XCODE_IPHONE_5BC26AE3=1",
					"JUCE_APP_VERSION=0.6.1",
					"JUCE_APP_VERSION_HEX=0x601",
					"JucePlugin_Build_VST=0",
					"JucePlugin_Build_VST3=0",
					"JucePlugin_Build_AU=0",
					"JucePlugin_Build_AUv3=1",
					"JucePlugin_Build_AAX=0",
					"JucePlugin_Build_Standalone=0",
					"JucePlugin_Build_Unity=0",
					"JucePlugin_Build_LV2=0",
				);
				GCC_VERSION = com.apple.compilers.llvm.clang.1_0;
				HEADER_SEARCH_PATHS = (
					"$(SRCROOT)/../../JuceLibraryCode",
					"$(SRCROOT)/../../JUCE/modules",
					"$(SRCROOT)/../../JUCE/modules/juce_audio_plugin_client/AU",
					"$(inherited)",
				);
				INFOPLIST_FILE = "Info-AUv3_AppExtension.plist";
				INFOPLIST_PREPROCESS = NO;
				LLVM_LTO = YES;
				MTL_HEADER_SEARCH_PATHS = "$(SRCROOT)/../../JuceLibraryCode $(SRCROOT)/../../JUCE/modules $(SRCROOT)/../../JUCE/modules/juce_audio_plugin_client/AU";
				OTHER_LDFLAGS = "-lShowMIDI";
				PRODUCT_BUNDLE_IDENTIFIER = com.uwyn.showmidi.showmidiAUv3;
				PRODUCT_NAME = ShowMIDI;
				PROVISIONING_PROFILE_SPECIFIER = "";
				USE_HEADERMAP = NO;
			};
			name = Release;
		};
		4C6829C7692DE06E4CC6D481 /* Release */ = {
			isa = XCBuildConfiguration;
			buildSettings = {
				ALWAYS_SEARCH_USER_PATHS = NO;
				CLANG_ENABLE_OBJC_WEAK = YES;
				CLANG_WARN_BLOCK_CAPTURE_AUTORELEASING = YES;
				CLANG_WARN_BOOL_CONVERSION = YES;
				CLANG_WARN_COMMA = YES;
				CLANG_WARN_CONSTANT_CONVERSION = YES;
				CLANG_WARN_DEPRECATED_OBJC_IMPLEMENTATIONS = YES;
				CLANG_WARN_EMPTY_BODY = YES;
				CLANG_WARN_ENUM_CONVERSION = YES;
				CLANG_WARN_INFINITE_RECURSION = YES;
				CLANG_WARN_INT_CONVERSION = YES;
				CLANG_WARN_NON_LITERAL_NULL_CONVERSION = YES;
				CLANG_WARN_OBJC_IMPLICIT_RETAIN_SELF = YES;
				CLANG_WARN_OBJC_LITERAL_CONVERSION = YES;
				CLANG_WARN_RANGE_LOOP_ANALYSIS = YES;
				CLANG_WARN_STRICT_PROTOTYPES = YES;
				CLANG_WARN_SUSPICIOUS_MOVE = YES;
				CLANG_WARN_UNREACHABLE_CODE = YES;
				CLANG_WARN__DUPLICATE_METHOD_MATCH = YES;
				"CODE_SIGN_IDENTITY[sdk=iphoneos*]" = "iPhone Developer";
				DEBUG_INFORMATION_FORMAT = dwarf;
				ENABLE_STRICT_OBJC_MSGSEND = YES;
				ENABLE_TESTABILITY = NO;
				GCC_C_LANGUAGE_STANDARD = c11;
				GCC_INLINES_ARE_PRIVATE_EXTERN = YES;
				GCC_MODEL_TUNING = G5;
				GCC_NO_COMMON_BLOCKS = YES;
				GCC_SYMBOLS_PRIVATE_EXTERN = YES;
				GCC_WARN_64_TO_32_BIT_CONVERSION = YES;
				GCC_WARN_ABOUT_RETURN_TYPE = YES;
				GCC_WARN_CHECK_SWITCH_STATEMENTS = YES;
				GCC_WARN_MISSING_PARENTHESES = YES;
				GCC_WARN_NON_VIRTUAL_DESTRUCTOR = YES;
				GCC_WARN_TYPECHECK_CALLS_TO_PRINTF = YES;
				GCC_WARN_UNDECLARED_SELECTOR = YES;
				GCC_WARN_UNINITIALIZED_AUTOS = YES;
				GCC_WARN_UNUSED_FUNCTION = YES;
				GCC_WARN_UNUSED_VARIABLE = YES;
				IPHONEOS_DEPLOYMENT_TARGET = 12.0;
				PRODUCT_NAME = ShowMIDI;
				SDKROOT = iphoneos;
				TARGETED_DEVICE_FAMILY = "1,2";
				WARNING_CFLAGS = "-Wreorder";
				ZERO_LINK = NO;
			};
			name = Release;
		};
		616864DFB0927C2A14B72725 /* Debug */ = {
			isa = XCBuildConfiguration;
			buildSettings = {
				ASSETCATALOG_COMPILER_APPICON_NAME = AppIcon;
				CLANG_CXX_LANGUAGE_STANDARD = "c++17";
				CLANG_CXX_LIBRARY = "libc++";
				CLANG_LINK_OBJC_RUNTIME = NO;
				CODE_SIGN_ENTITLEMENTS = Shared_Code.entitlements;
				"CODE_SIGN_IDENTITY[sdk=iphoneos*]" = "iPhone Developer";
				COMBINE_HIDPI_IMAGES = YES;
				CONFIGURATION_BUILD_DIR = "$(PROJECT_DIR)/build/$(CONFIGURATION)";
				COPY_PHASE_STRIP = NO;
				DEVELOPMENT_TEAM = AGZT8GVS7G;
				GCC_DYNAMIC_NO_PIC = NO;
				GCC_FAST_MATH = YES;
				GCC_OPTIMIZATION_LEVEL = 0;
				GCC_PREPROCESSOR_DEFINITIONS = (
					"_DEBUG=1",
					"DEBUG=1",
					"JUCE_CONTENT_SHARING=1",
					"JUCE_USE_CUSTOM_PLUGIN_STANDALONE_APP=1",
					"JUCE_SILENCE_XCODE_15_LINKER_WARNING=1",
					"JUCER_XCODE_IPHONE_5BC26AE3=1",
					"JUCE_APP_VERSION=0.6.1",
					"JUCE_APP_VERSION_HEX=0x601",
					"JucePlugin_Build_VST=0",
					"JucePlugin_Build_VST3=0",
					"JucePlugin_Build_AU=0",
					"JucePlugin_Build_AUv3=1",
					"JucePlugin_Build_AAX=0",
					"JucePlugin_Build_Standalone=1",
					"JucePlugin_Build_Unity=0",
					"JucePlugin_Build_LV2=0",
					"JUCE_SHARED_CODE=1",
				);
				GCC_VERSION = com.apple.compilers.llvm.clang.1_0;
				HEADER_SEARCH_PATHS = (
					"$(SRCROOT)/../../JuceLibraryCode",
					"$(SRCROOT)/../../JUCE/modules",
					"$(SRCROOT)/../../JUCE/modules/juce_audio_plugin_client/AU",
					"$(inherited)",
				);
				INSTALL_PATH = "@executable_path/Frameworks";
				MTL_HEADER_SEARCH_PATHS = "$(SRCROOT)/../../JuceLibraryCode $(SRCROOT)/../../JUCE/modules $(SRCROOT)/../../JUCE/modules/juce_audio_plugin_client/AU";
				PRODUCT_BUNDLE_IDENTIFIER = com.uwyn.showmidi;
				PRODUCT_NAME = ShowMIDI;
				PROVISIONING_PROFILE_SPECIFIER = "";
				SKIP_INSTALL = YES;
				USE_HEADERMAP = NO;
			};
			name = Debug;
		};
		76F2268E52B9732A9DB7AF87 /* Debug */ = {
			isa = XCBuildConfiguration;
			buildSettings = {
				ASSETCATALOG_COMPILER_APPICON_NAME = AppIcon;
				CLANG_CXX_LANGUAGE_STANDARD = "c++17";
				CLANG_CXX_LIBRARY = "libc++";
				CLANG_LINK_OBJC_RUNTIME = NO;
				CODE_SIGN_ENTITLEMENTS = All.entitlements;
				"CODE_SIGN_IDENTITY[sdk=iphoneos*]" = "iPhone Developer";
				COMBINE_HIDPI_IMAGES = YES;
				CONFIGURATION_BUILD_DIR = "$(PROJECT_DIR)/build/$(CONFIGURATION)";
				COPY_PHASE_STRIP = NO;
				DEVELOPMENT_TEAM = AGZT8GVS7G;
				GCC_DYNAMIC_NO_PIC = NO;
				GCC_FAST_MATH = YES;
				GCC_OPTIMIZATION_LEVEL = 0;
				GCC_PREPROCESSOR_DEFINITIONS = (
					"_DEBUG=1",
					"DEBUG=1",
					"JUCE_CONTENT_SHARING=1",
					"JUCE_USE_CUSTOM_PLUGIN_STANDALONE_APP=1",
					"JUCE_SILENCE_XCODE_15_LINKER_WARNING=1",
					"JUCER_XCODE_IPHONE_5BC26AE3=1",
					"JUCE_APP_VERSION=0.6.1",
					"JUCE_APP_VERSION_HEX=0x601",
					"JucePlugin_Build_VST=0",
					"JucePlugin_Build_VST3=0",
					"JucePlugin_Build_AU=0",
					"JucePlugin_Build_AUv3=0",
					"JucePlugin_Build_AAX=0",
					"JucePlugin_Build_Standalone=0",
					"JucePlugin_Build_Unity=0",
					"JucePlugin_Build_LV2=0",
				);
				GCC_VERSION = com.apple.compilers.llvm.clang.1_0;
				HEADER_SEARCH_PATHS = (
					"$(SRCROOT)/../../JuceLibraryCode",
					"$(SRCROOT)/../../JUCE/modules",
					"$(SRCROOT)/../../JUCE/modules/juce_audio_plugin_client/AU",
					"$(inherited)",
				);
				MTL_HEADER_SEARCH_PATHS = "$(SRCROOT)/../../JuceLibraryCode $(SRCROOT)/../../JUCE/modules $(SRCROOT)/../../JUCE/modules/juce_audio_plugin_client/AU";
				OTHER_LDFLAGS = "-lShowMIDI";
				PRODUCT_BUNDLE_IDENTIFIER = com.uwyn.showmidi;
				PRODUCT_NAME = ShowMIDI;
				PROVISIONING_PROFILE_SPECIFIER = "";
				USE_HEADERMAP = NO;
			};
			name = Debug;
		};
		A03B3456CDB32A2C837FFF3C /* Release */ = {
			isa = XCBuildConfiguration;
			buildSettings = {
				ASSETCATALOG_COMPILER_APPICON_NAME = AppIcon;
				CLANG_CXX_LANGUAGE_STANDARD = "c++17";
				CLANG_CXX_LIBRARY = "libc++";
				CLANG_LINK_OBJC_RUNTIME = NO;
				CODE_SIGN_ENTITLEMENTS = All.entitlements;
				"CODE_SIGN_IDENTITY[sdk=iphoneos*]" = "iPhone Developer";
				COMBINE_HIDPI_IMAGES = YES;
				CONFIGURATION_BUILD_DIR = "$(PROJECT_DIR)/build/$(CONFIGURATION)";
				DEAD_CODE_STRIPPING = YES;
				DEVELOPMENT_TEAM = AGZT8GVS7G;
				GCC_GENERATE_DEBUGGING_SYMBOLS = NO;
				GCC_OPTIMIZATION_LEVEL = 3;
				GCC_PREPROCESSOR_DEFINITIONS = (
					"_NDEBUG=1",
					"NDEBUG=1",
					"JUCE_CONTENT_SHARING=1",
					"JUCE_USE_CUSTOM_PLUGIN_STANDALONE_APP=1",
					"JUCE_SILENCE_XCODE_15_LINKER_WARNING=1",
					"JUCER_XCODE_IPHONE_5BC26AE3=1",
					"JUCE_APP_VERSION=0.6.1",
					"JUCE_APP_VERSION_HEX=0x601",
					"JucePlugin_Build_VST=0",
					"JucePlugin_Build_VST3=0",
					"JucePlugin_Build_AU=0",
					"JucePlugin_Build_AUv3=0",
					"JucePlugin_Build_AAX=0",
					"JucePlugin_Build_Standalone=0",
					"JucePlugin_Build_Unity=0",
					"JucePlugin_Build_LV2=0",
				);
				GCC_VERSION = com.apple.compilers.llvm.clang.1_0;
				HEADER_SEARCH_PATHS = (
					"$(SRCROOT)/../../JuceLibraryCode",
					"$(SRCROOT)/../../JUCE/modules",
					"$(SRCROOT)/../../JUCE/modules/juce_audio_plugin_client/AU",
					"$(inherited)",
				);
				LLVM_LTO = YES;
				MTL_HEADER_SEARCH_PATHS = "$(SRCROOT)/../../JuceLibraryCode $(SRCROOT)/../../JUCE/modules $(SRCROOT)/../../JUCE/modules/juce_audio_plugin_client/AU";
				OTHER_LDFLAGS = "-lShowMIDI";
				PRODUCT_BUNDLE_IDENTIFIER = com.uwyn.showmidi;
				PRODUCT_NAME = ShowMIDI;
				PROVISIONING_PROFILE_SPECIFIER = "";
				USE_HEADERMAP = NO;
			};
			name = Release;
		};
		AACA99396A00580B44343861 /* Debug */ = {
			isa = XCBuildConfiguration;
			buildSettings = {
				ASSETCATALOG_COMPILER_APPICON_NAME = AppIcon;
				CLANG_CXX_LANGUAGE_STANDARD = "c++17";
				CLANG_CXX_LIBRARY = "libc++";
				CLANG_LINK_OBJC_RUNTIME = NO;
				CODE_SIGN_ENTITLEMENTS = Standalone_Plugin.entitlements;
				"CODE_SIGN_IDENTITY[sdk=iphoneos*]" = "iPhone Developer";
				COMBINE_HIDPI_IMAGES = YES;
				CONFIGURATION_BUILD_DIR = "$(PROJECT_DIR)/build/$(CONFIGURATION)";
				COPY_PHASE_STRIP = NO;
				DEVELOPMENT_TEAM = AGZT8GVS7G;
				GCC_DYNAMIC_NO_PIC = NO;
				GCC_FAST_MATH = YES;
				GCC_OPTIMIZATION_LEVEL = 0;
				GCC_PREPROCESSOR_DEFINITIONS = (
					"_DEBUG=1",
					"DEBUG=1",
					"JUCE_CONTENT_SHARING=1",
					"JUCE_USE_CUSTOM_PLUGIN_STANDALONE_APP=1",
					"JUCE_SILENCE_XCODE_15_LINKER_WARNING=1",
					"JUCER_XCODE_IPHONE_5BC26AE3=1",
					"JUCE_APP_VERSION=0.6.1",
					"JUCE_APP_VERSION_HEX=0x601",
					"JucePlugin_Build_VST=0",
					"JucePlugin_Build_VST3=0",
					"JucePlugin_Build_AU=0",
					"JucePlugin_Build_AUv3=0",
					"JucePlugin_Build_AAX=0",
					"JucePlugin_Build_Standalone=1",
					"JucePlugin_Build_Unity=0",
					"JucePlugin_Build_LV2=0",
				);
				GCC_VERSION = com.apple.compilers.llvm.clang.1_0;
				HEADER_SEARCH_PATHS = (
					"$(SRCROOT)/../../JuceLibraryCode",
					"$(SRCROOT)/../../JUCE/modules",
					"$(SRCROOT)/../../JUCE/modules/juce_audio_plugin_client/AU",
					"$(inherited)",
				);
				INFOPLIST_FILE = "Info-Standalone_Plugin.plist";
				INFOPLIST_PREPROCESS = NO;
				MTL_HEADER_SEARCH_PATHS = "$(SRCROOT)/../../JuceLibraryCode $(SRCROOT)/../../JUCE/modules $(SRCROOT)/../../JUCE/modules/juce_audio_plugin_client/AU";
				OTHER_LDFLAGS = "-lShowMIDI";
				PRODUCT_BUNDLE_IDENTIFIER = com.uwyn.showmidi;
				PRODUCT_NAME = ShowMIDI;
				PROVISIONING_PROFILE_SPECIFIER = "";
				USE_HEADERMAP = NO;
			};
			name = Debug;
		};
		C8BFE7EB50F612ADC180E46B /* Debug */ = {
			isa = XCBuildConfiguration;
			buildSettings = {
				ASSETCATALOG_COMPILER_APPICON_NAME = AppIcon;
				CLANG_CXX_LANGUAGE_STANDARD = "c++17";
				CLANG_CXX_LIBRARY = "libc++";
				CLANG_LINK_OBJC_RUNTIME = NO;
				CODE_SIGN_ENTITLEMENTS = AUv3_AppExtension.entitlements;
				"CODE_SIGN_IDENTITY[sdk=iphoneos*]" = "iPhone Developer";
				COMBINE_HIDPI_IMAGES = YES;
				CONFIGURATION_BUILD_DIR = "$(PROJECT_DIR)/build/$(CONFIGURATION)";
				COPY_PHASE_STRIP = NO;
				DEVELOPMENT_TEAM = AGZT8GVS7G;
				GCC_DYNAMIC_NO_PIC = NO;
				GCC_FAST_MATH = YES;
				GCC_OPTIMIZATION_LEVEL = 0;
				GCC_PREPROCESSOR_DEFINITIONS = (
					"_DEBUG=1",
					"DEBUG=1",
					"JUCE_CONTENT_SHARING=1",
					"JUCE_USE_CUSTOM_PLUGIN_STANDALONE_APP=1",
					"JUCE_SILENCE_XCODE_15_LINKER_WARNING=1",
					"JUCER_XCODE_IPHONE_5BC26AE3=1",
					"JUCE_APP_VERSION=0.6.1",
					"JUCE_APP_VERSION_HEX=0x601",
					"JucePlugin_Build_VST=0",
					"JucePlugin_Build_VST3=0",
					"JucePlugin_Build_AU=0",
					"JucePlugin_Build_AUv3=1",
					"JucePlugin_Build_AAX=0",
					"JucePlugin_Build_Standalone=0",
					"JucePlugin_Build_Unity=0",
					"JucePlugin_Build_LV2=0",
				);
				GCC_VERSION = com.apple.compilers.llvm.clang.1_0;
				HEADER_SEARCH_PATHS = (
					"$(SRCROOT)/../../JuceLibraryCode",
					"$(SRCROOT)/../../JUCE/modules",
					"$(SRCROOT)/../../JUCE/modules/juce_audio_plugin_client/AU",
					"$(inherited)",
				);
				INFOPLIST_FILE = "Info-AUv3_AppExtension.plist";
				INFOPLIST_PREPROCESS = NO;
				MTL_HEADER_SEARCH_PATHS = "$(SRCROOT)/../../JuceLibraryCode $(SRCROOT)/../../JUCE/modules $(SRCROOT)/../../JUCE/modules/juce_audio_plugin_client/AU";
				OTHER_LDFLAGS = "-lShowMIDI";
				PRODUCT_BUNDLE_IDENTIFIER = com.uwyn.showmidi.showmidiAUv3;
				PRODUCT_NAME = ShowMIDI;
				PROVISIONING_PROFILE_SPECIFIER = "";
				USE_HEADERMAP = NO;
			};
			name = Debug;
		};
		E32BED2D732D6788FF1DB8FA /* Release */ = {
			isa = XCBuildConfiguration;
			buildSettings = {
				ASSETCATALOG_COMPILER_APPICON_NAME = AppIcon;
				CLANG_CXX_LANGUAGE_STANDARD = "c++17";
				CLANG_CXX_LIBRARY = "libc++";
				CLANG_LINK_OBJC_RUNTIME = NO;
				CODE_SIGN_ENTITLEMENTS = Shared_Code.entitlements;
				"CODE_SIGN_IDENTITY[sdk=iphoneos*]" = "iPhone Developer";
				COMBINE_HIDPI_IMAGES = YES;
				CONFIGURATION_BUILD_DIR = "$(PROJECT_DIR)/build/$(CONFIGURATION)";
				DEAD_CODE_STRIPPING = YES;
				DEVELOPMENT_TEAM = AGZT8GVS7G;
				GCC_GENERATE_DEBUGGING_SYMBOLS = NO;
				GCC_OPTIMIZATION_LEVEL = 3;
				GCC_PREPROCESSOR_DEFINITIONS = (
					"_NDEBUG=1",
					"NDEBUG=1",
					"JUCE_CONTENT_SHARING=1",
					"JUCE_USE_CUSTOM_PLUGIN_STANDALONE_APP=1",
					"JUCE_SILENCE_XCODE_15_LINKER_WARNING=1",
					"JUCER_XCODE_IPHONE_5BC26AE3=1",
					"JUCE_APP_VERSION=0.6.1",
					"JUCE_APP_VERSION_HEX=0x601",
					"JucePlugin_Build_VST=0",
					"JucePlugin_Build_VST3=0",
					"JucePlugin_Build_AU=0",
					"JucePlugin_Build_AUv3=1",
					"JucePlugin_Build_AAX=0",
					"JucePlugin_Build_Standalone=1",
					"JucePlugin_Build_Unity=0",
					"JucePlugin_Build_LV2=0",
					"JUCE_SHARED_CODE=1",
				);
				GCC_VERSION = com.apple.compilers.llvm.clang.1_0;
				HEADER_SEARCH_PATHS = (
					"$(SRCROOT)/../../JuceLibraryCode",
					"$(SRCROOT)/../../JUCE/modules",
					"$(SRCROOT)/../../JUCE/modules/juce_audio_plugin_client/AU",
					"$(inherited)",
				);
				INSTALL_PATH = "@executable_path/Frameworks";
				LLVM_LTO = YES;
				MTL_HEADER_SEARCH_PATHS = "$(SRCROOT)/../../JuceLibraryCode $(SRCROOT)/../../JUCE/modules $(SRCROOT)/../../JUCE/modules/juce_audio_plugin_client/AU";
				PRODUCT_BUNDLE_IDENTIFIER = com.uwyn.showmidi;
				PRODUCT_NAME = ShowMIDI;
				PROVISIONING_PROFILE_SPECIFIER = "";
				SKIP_INSTALL = YES;
				USE_HEADERMAP = NO;
			};
			name = Release;
		};
/* End XCBuildConfiguration section */

/* Begin XCConfigurationList section */
		204B42CE7138B62FC94F1E6A /* Build configuration list for PBXNativeTarget "ShowMIDI - Shared Code" */ = {
			isa = XCConfigurationList;
			buildConfigurations = (
				616864DFB0927C2A14B72725 /* Debug */,
				E32BED2D732D6788FF1DB8FA /* Release */,
			);
			defaultConfigurationIsVisible = 0;
			defaultConfigurationName = Debug;
		};
		392015D3B338797D72DEA314 /* Build configuration list for PBXNativeTarget "ShowMIDI - AUv3 AppExtension" */ = {
			isa = XCConfigurationList;
			buildConfigurations = (
				C8BFE7EB50F612ADC180E46B /* Debug */,
				4185DDC3276C61F82E0448EA /* Release */,
			);
			defaultConfigurationIsVisible = 0;
			defaultConfigurationName = Debug;
		};
		B6721A6027B23041E913E4DC /* Build configuration list for PBXAggregateTarget "ShowMIDI - All" */ = {
			isa = XCConfigurationList;
			buildConfigurations = (
				76F2268E52B9732A9DB7AF87 /* Debug */,
				A03B3456CDB32A2C837FFF3C /* Release */,
			);
			defaultConfigurationIsVisible = 0;
			defaultConfigurationName = Debug;
		};
		C18AB6C70C292DE4CAD7CEBE /* Build configuration list for PBXProject "ShowMIDI" */ = {
			isa = XCConfigurationList;
			buildConfigurations = (
				1D14946A79C8262ABA962DB4 /* Debug */,
				4C6829C7692DE06E4CC6D481 /* Release */,
			);
			defaultConfigurationIsVisible = 0;
			defaultConfigurationName = Debug;
		};
		D7167606A72C760845FBE11E /* Build configuration list for PBXNativeTarget "ShowMIDI - Standalone Plugin" */ = {
			isa = XCConfigurationList;
			buildConfigurations = (
				AACA99396A00580B44343861 /* Debug */,
				08D2B499B9C465C90FBEC24F /* Release */,
			);
			defaultConfigurationIsVisible = 0;
			defaultConfigurationName = Debug;
		};
/* End XCConfigurationList section */
	};
	rootObject = 59C1E84DE320FBAD9D225753 /* Project object */;
}
